// !$*UTF8*$!
{
	archiveVersion = 1;
	classes = {
	};
	objectVersion = 54;
	objects = {

/* Begin PBXBuildFile section */
		E21C415529D08E71007424E6 /* AVFoundation.framework in Frameworks */ = {isa = PBXBuildFile; fileRef = E21C415429D08E71007424E6 /* AVFoundation.framework */; };
		E21C415729D08E98007424E6 /* AVKit.framework in Frameworks */ = {isa = PBXBuildFile; fileRef = E21C415629D08E98007424E6 /* AVKit.framework */; };
		E21C415929D08E9C007424E6 /* CoreML.framework in Frameworks */ = {isa = PBXBuildFile; fileRef = E21C415829D08E9C007424E6 /* CoreML.framework */; };
		E21C415B29D08EA2007424E6 /* Foundation.framework in Frameworks */ = {isa = PBXBuildFile; fileRef = E21C415A29D08EA2007424E6 /* Foundation.framework */; };
		E21C415D29D08EA7007424E6 /* Vision.framework in Frameworks */ = {isa = PBXBuildFile; fileRef = E21C415C29D08EA7007424E6 /* Vision.framework */; };
		E4B69E200A3A1BDC003C02F2 /* main.cpp in Sources */ = {isa = PBXBuildFile; fileRef = E4B69E1D0A3A1BDC003C02F2 /* main.cpp */; };
		E4B69E210A3A1BDC003C02F2 /* ofApp.cpp in Sources */ = {isa = PBXBuildFile; fileRef = E4B69E1E0A3A1BDC003C02F2 /* ofApp.cpp */; };
		"{0608E5F9-0532-447C-A896-B200796348B7}" /* OscOutboundPacketStream.cpp in Sources */ = {isa = PBXBuildFile; fileRef = "{64D98BCC-9E9C-43A3-B740-3A00202D25CF}" /* OscOutboundPacketStream.cpp */; };
		"{22B1F572-E77B-43B0-B722-F38F46B8E68F}" /* ofxBaseGui.cpp in Sources */ = {isa = PBXBuildFile; fileRef = "{1E8783EE-AD09-484C-8640-3B7DA7150AB9}" /* ofxBaseGui.cpp */; };
		"{268BF75C-3BC4-4C7B-9AA3-CB3E0C89FABC}" /* OscReceivedElements.cpp in Sources */ = {isa = PBXBuildFile; fileRef = "{66EBBAA8-5B6B-4531-BC76-CE76842FD6B4}" /* OscReceivedElements.cpp */; };
		"{2C155B48-25A7-4CDF-941B-27458E760031}" /* ofxPanel.cpp in Sources */ = {isa = PBXBuildFile; fileRef = "{AF2D478C-7216-4578-869D-14B93B4E21BE}" /* ofxPanel.cpp */; };
		"{3CA2FA9E-B905-4727-AA5E-5B059586EC4A}" /* UdpSocket.cpp in Sources */ = {isa = PBXBuildFile; fileRef = "{54DD8B2C-C8A4-4CA7-B99F-F8622E73E0AB}" /* UdpSocket.cpp */; };
		"{48CEA512-6AE0-4FF8-9B65-5E69B8701CCA}" /* body.mm in Sources */ = {isa = PBXBuildFile; fileRef = "{ADA9285A-77F8-4334-9F24-6F20FE8EFC90}" /* body.mm */; };
		"{5355C475-BD72-493C-8760-4ACD214E3140}" /* ofxOscBundle.cpp in Sources */ = {isa = PBXBuildFile; fileRef = "{286D59FF-4957-4C11-9051-75BE9DDC93B2}" /* ofxOscBundle.cpp */; };
		"{55C8C88B-56BE-49EB-96F8-965C1BB0149E}" /* ofxOscReceiver.cpp in Sources */ = {isa = PBXBuildFile; fileRef = "{58D3CF34-3093-484B-9C13-C54C598F7678}" /* ofxOscReceiver.cpp */; };
		"{55D71943-6E2F-48BF-BDAF-EBB240A4F346}" /* ofxGuiGroup.cpp in Sources */ = {isa = PBXBuildFile; fileRef = "{FD41C204-3BFA-46A8-AD8F-8FFB95112342}" /* ofxGuiGroup.cpp */; };
		"{5F507A01-E191-4113-B97A-85877B159080}" /* ofxButton.cpp in Sources */ = {isa = PBXBuildFile; fileRef = "{99AC63BC-9948-40DE-BDA4-A950ACD5FDD1}" /* ofxButton.cpp */; };
		"{616CCDD0-E96B-47BB-869C-33907CA9FC78}" /* NetworkingUtils.cpp in Sources */ = {isa = PBXBuildFile; fileRef = "{5228EA29-63E4-4C22-9909-5136CECEB5FE}" /* NetworkingUtils.cpp */; };
		"{6A4E4706-8456-4EC0-8AC0-0720C44A5615}" /* animal.mm in Sources */ = {isa = PBXBuildFile; fileRef = "{B463D1E7-9CA8-4814-A59F-7C28403F8FC3}" /* animal.mm */; };
		"{6DD1983F-755D-44E9-855C-A435EC33A123}" /* OscTypes.cpp in Sources */ = {isa = PBXBuildFile; fileRef = "{C13C40FC-C878-420D-9543-D90180881D1A}" /* OscTypes.cpp */; };
		"{6E44908A-F02A-4AFF-A3C3-11B5523739A8}" /* ofxColorPicker.cpp in Sources */ = {isa = PBXBuildFile; fileRef = "{2A626BCA-40FD-4DB2-AA97-B90812760335}" /* ofxColorPicker.cpp */; };
		"{7685EE49-7F3F-4C70-9888-EECA87466A10}" /* IpEndpointName.cpp in Sources */ = {isa = PBXBuildFile; fileRef = "{1F9DC3FE-E823-49B5-93CC-943C07A76813}" /* IpEndpointName.cpp */; };
		"{78C164E1-4DD8-4A76-889F-8A94657D628B}" /* ofxLabel.cpp in Sources */ = {isa = PBXBuildFile; fileRef = "{073A1885-665B-429A-8E0E-DD45FA270B4B}" /* ofxLabel.cpp */; };
		"{906D4A7F-FB31-4D9B-A24D-97DB51CC45A4}" /* ofxToggle.cpp in Sources */ = {isa = PBXBuildFile; fileRef = "{402B7DA3-3185-47D0-949D-1FE96A495ACC}" /* ofxToggle.cpp */; };
		"{B7A20FF2-F92D-47BC-9E43-6BCEAC24BB66}" /* ofxOscMessage.cpp in Sources */ = {isa = PBXBuildFile; fileRef = "{4836C9CE-4225-4E8C-AB9E-268DF9A0ECBA}" /* ofxOscMessage.cpp */; };
		"{BCF1279C-D4BB-48B4-BBFE-767D1F9CADE2}" /* ofxOscSender.cpp in Sources */ = {isa = PBXBuildFile; fileRef = "{A8235E3B-33A7-406E-899A-88A58D9F124C}" /* ofxOscSender.cpp */; };
		"{C26D6831-45B1-4F7A-8E6B-2C7818C35E76}" /* face.mm in Sources */ = {isa = PBXBuildFile; fileRef = "{E44845C6-C905-464B-87C5-472B30A50993}" /* face.mm */; };
		"{C920EE28-AF40-4367-8F87-0C6889FA0D75}" /* OscPrintReceivedElements.cpp in Sources */ = {isa = PBXBuildFile; fileRef = "{37D9CB2F-9233-465D-BB2B-4CE29F2004DB}" /* OscPrintReceivedElements.cpp */; };
		"{DEAD18DA-2771-4053-97ED-6CCEF7D31420}" /* ofxOscParameterSync.cpp in Sources */ = {isa = PBXBuildFile; fileRef = "{1BB8C3C6-FE6A-4BE3-922D-4FDAFE2E583E}" /* ofxOscParameterSync.cpp */; };
		"{E1825BCA-DE4B-4405-91B8-C11990FD7D4C}" /* ofxSlider.cpp in Sources */ = {isa = PBXBuildFile; fileRef = "{0E5E8530-6B11-4166-93E9-1CBC3555B07E}" /* ofxSlider.cpp */; };
		"{E3531022-BFAA-4341-B0F8-6CF247E5656A}" /* text.mm in Sources */ = {isa = PBXBuildFile; fileRef = "{3D185C3E-63C7-4134-935B-C9ACF30625AB}" /* text.mm */; };
		"{EF05C19B-DF84-4C0E-886C-3FE1F53276FE}" /* ofxSliderGroup.cpp in Sources */ = {isa = PBXBuildFile; fileRef = "{0D819893-0017-4EEC-A96B-DBCF1DDF3006}" /* ofxSliderGroup.cpp */; };
		"{F8814CD8-CC51-47B9-94C9-01FEA20D4BCE}" /* hand.mm in Sources */ = {isa = PBXBuildFile; fileRef = "{5248DE3C-AE39-4AA0-ADEE-DC91617496D4}" /* hand.mm */; };
		"{FCE18351-87C7-40AC-86AB-B0524396053F}" /* ofxInputField.cpp in Sources */ = {isa = PBXBuildFile; fileRef = "{9E917679-12ED-4041-8143-FC139962788C}" /* ofxInputField.cpp */; };
/* End PBXBuildFile section */

/* Begin PBXCopyFilesBuildPhase section */
		E4A5B60F29BAAAE400C2D356 /* CopyFiles */ = {
			isa = PBXCopyFilesBuildPhase;
			buildActionMask = 2147483647;
			dstPath = "";
			dstSubfolderSpec = 6;
			files = (
			);
			runOnlyForDeploymentPostprocessing = 0;
		};
		E4C2427710CC5ABF004149E2 /* CopyFiles */ = {
			isa = PBXCopyFilesBuildPhase;
			buildActionMask = 2147483647;
			dstPath = "";
			dstSubfolderSpec = 10;
			files = (
			);
			runOnlyForDeploymentPostprocessing = 0;
		};
/* End PBXCopyFilesBuildPhase section */

/* Begin PBXFileReference section */
		191CD6FA2847E21E0085CBB6 /* of.entitlements */ = {isa = PBXFileReference; fileEncoding = 4; lastKnownFileType = text.plist.entitlements; path = of.entitlements; sourceTree = "<group>"; };
		192E680F28E4D63A006F5C79 /* ofGraphicsCairo.cpp */ = {isa = PBXFileReference; lastKnownFileType = sourcecode.cpp.cpp; path = ofGraphicsCairo.cpp; sourceTree = "<group>"; };
		19451A8D28FF1A91008227CC /* ofGraphicsCairo.h */ = {isa = PBXFileReference; lastKnownFileType = sourcecode.c.h; path = ofGraphicsCairo.h; sourceTree = "<group>"; };
		2E49891D292C98D80096EC56 /* ofCubeMap.h */ = {isa = PBXFileReference; lastKnownFileType = sourcecode.c.h; path = ofCubeMap.h; sourceTree = "<group>"; };
		2E49891E292C98D80096EC56 /* ofCubeMap.cpp */ = {isa = PBXFileReference; lastKnownFileType = sourcecode.cpp.cpp; path = ofCubeMap.cpp; sourceTree = "<group>"; };
		2E49891F292C98D80096EC56 /* ofCubeMapShaders.h */ = {isa = PBXFileReference; lastKnownFileType = sourcecode.c.h; path = ofCubeMapShaders.h; sourceTree = "<group>"; };
		2E4D30BD28F5B7330074D450 /* ofShadow.h */ = {isa = PBXFileReference; lastKnownFileType = sourcecode.c.h; path = ofShadow.h; sourceTree = "<group>"; };
		2E4D30BE28F5B7330074D450 /* ofShadow.cpp */ = {isa = PBXFileReference; lastKnownFileType = sourcecode.cpp.cpp; path = ofShadow.cpp; sourceTree = "<group>"; };
		E21C415429D08E71007424E6 /* AVFoundation.framework */ = {isa = PBXFileReference; lastKnownFileType = wrapper.framework; name = AVFoundation.framework; path = System/Library/Frameworks/AVFoundation.framework; sourceTree = SDKROOT; };
		E21C415629D08E98007424E6 /* AVKit.framework */ = {isa = PBXFileReference; lastKnownFileType = wrapper.framework; name = AVKit.framework; path = System/Library/Frameworks/AVKit.framework; sourceTree = SDKROOT; };
		E21C415829D08E9C007424E6 /* CoreML.framework */ = {isa = PBXFileReference; lastKnownFileType = wrapper.framework; name = CoreML.framework; path = System/Library/Frameworks/CoreML.framework; sourceTree = SDKROOT; };
		E21C415A29D08EA2007424E6 /* Foundation.framework */ = {isa = PBXFileReference; lastKnownFileType = wrapper.framework; name = Foundation.framework; path = System/Library/Frameworks/Foundation.framework; sourceTree = SDKROOT; };
		E21C415C29D08EA7007424E6 /* Vision.framework */ = {isa = PBXFileReference; lastKnownFileType = wrapper.framework; name = Vision.framework; path = System/Library/Frameworks/Vision.framework; sourceTree = SDKROOT; };
		E42962AC2163EDD300A6A9E2 /* ofCamera.cpp */ = {isa = PBXFileReference; lastKnownFileType = sourcecode.cpp.cpp; name = ofCamera.cpp; path = ../../../libs/openFrameworks/3d/ofCamera.cpp; sourceTree = SOURCE_ROOT; };
		E42962AD2163EDD300A6A9E2 /* ofMesh.h */ = {isa = PBXFileReference; lastKnownFileType = sourcecode.c.h; name = ofMesh.h; path = ../../../libs/openFrameworks/3d/ofMesh.h; sourceTree = SOURCE_ROOT; };
		E42962AE2163EDD300A6A9E2 /* ofNode.h */ = {isa = PBXFileReference; lastKnownFileType = sourcecode.c.h; name = ofNode.h; path = ../../../libs/openFrameworks/3d/ofNode.h; sourceTree = SOURCE_ROOT; };
		E42962AF2163EDD300A6A9E2 /* ofNode.cpp */ = {isa = PBXFileReference; lastKnownFileType = sourcecode.cpp.cpp; name = ofNode.cpp; path = ../../../libs/openFrameworks/3d/ofNode.cpp; sourceTree = SOURCE_ROOT; };
		E42962B02163EDD300A6A9E2 /* of3dPrimitives.cpp */ = {isa = PBXFileReference; lastKnownFileType = sourcecode.cpp.cpp; name = of3dPrimitives.cpp; path = ../../../libs/openFrameworks/3d/of3dPrimitives.cpp; sourceTree = SOURCE_ROOT; };
		E42962B12163EDD300A6A9E2 /* of3dUtils.h */ = {isa = PBXFileReference; lastKnownFileType = sourcecode.c.h; name = of3dUtils.h; path = ../../../libs/openFrameworks/3d/of3dUtils.h; sourceTree = SOURCE_ROOT; };
		E42962B22163EDD300A6A9E2 /* ofEasyCam.cpp */ = {isa = PBXFileReference; lastKnownFileType = sourcecode.cpp.cpp; name = ofEasyCam.cpp; path = ../../../libs/openFrameworks/3d/ofEasyCam.cpp; sourceTree = SOURCE_ROOT; };
		E42962B32163EDD300A6A9E2 /* ofCamera.h */ = {isa = PBXFileReference; lastKnownFileType = sourcecode.c.h; name = ofCamera.h; path = ../../../libs/openFrameworks/3d/ofCamera.h; sourceTree = SOURCE_ROOT; };
		E42962B42163EDD300A6A9E2 /* ofMesh.inl */ = {isa = PBXFileReference; lastKnownFileType = text; name = ofMesh.inl; path = ../../../libs/openFrameworks/3d/ofMesh.inl; sourceTree = SOURCE_ROOT; };
		E42962B52163EDD300A6A9E2 /* of3dUtils.cpp */ = {isa = PBXFileReference; lastKnownFileType = sourcecode.cpp.cpp; name = of3dUtils.cpp; path = ../../../libs/openFrameworks/3d/of3dUtils.cpp; sourceTree = SOURCE_ROOT; };
		E42962B62163EDD300A6A9E2 /* of3dPrimitives.h */ = {isa = PBXFileReference; lastKnownFileType = sourcecode.c.h; name = of3dPrimitives.h; path = ../../../libs/openFrameworks/3d/of3dPrimitives.h; sourceTree = SOURCE_ROOT; };
		E42962B72163EDD300A6A9E2 /* ofEasyCam.h */ = {isa = PBXFileReference; lastKnownFileType = sourcecode.c.h; name = ofEasyCam.h; path = ../../../libs/openFrameworks/3d/ofEasyCam.h; sourceTree = SOURCE_ROOT; };
		E42962BA2163EDD300A6A9E2 /* ofAVFoundationGrabber.h */ = {isa = PBXFileReference; lastKnownFileType = sourcecode.c.h; name = ofAVFoundationGrabber.h; path = ../../../libs/openFrameworks/video/ofAVFoundationGrabber.h; sourceTree = SOURCE_ROOT; };
		E42962BB2163EDD300A6A9E2 /* ofVideoPlayer.h */ = {isa = PBXFileReference; lastKnownFileType = sourcecode.c.h; name = ofVideoPlayer.h; path = ../../../libs/openFrameworks/video/ofVideoPlayer.h; sourceTree = SOURCE_ROOT; };
		E42962BC2163EDD300A6A9E2 /* ofAVFoundationPlayer.h */ = {isa = PBXFileReference; lastKnownFileType = sourcecode.c.h; name = ofAVFoundationPlayer.h; path = ../../../libs/openFrameworks/video/ofAVFoundationPlayer.h; sourceTree = SOURCE_ROOT; };
		E42962C12163EDD300A6A9E2 /* ofAVFoundationVideoPlayer.h */ = {isa = PBXFileReference; lastKnownFileType = sourcecode.c.h; name = ofAVFoundationVideoPlayer.h; path = ../../../libs/openFrameworks/video/ofAVFoundationVideoPlayer.h; sourceTree = SOURCE_ROOT; };
		E42962C22163EDD300A6A9E2 /* ofAVFoundationGrabber.mm */ = {isa = PBXFileReference; lastKnownFileType = sourcecode.cpp.objcpp; name = ofAVFoundationGrabber.mm; path = ../../../libs/openFrameworks/video/ofAVFoundationGrabber.mm; sourceTree = SOURCE_ROOT; };
		E42962C42163EDD300A6A9E2 /* ofVideoPlayer.cpp */ = {isa = PBXFileReference; lastKnownFileType = sourcecode.cpp.cpp; name = ofVideoPlayer.cpp; path = ../../../libs/openFrameworks/video/ofVideoPlayer.cpp; sourceTree = SOURCE_ROOT; };
		E42962CA2163EDD300A6A9E2 /* ofVideoGrabber.h */ = {isa = PBXFileReference; lastKnownFileType = sourcecode.c.h; name = ofVideoGrabber.h; path = ../../../libs/openFrameworks/video/ofVideoGrabber.h; sourceTree = SOURCE_ROOT; };
		E42962CE2163EDD300A6A9E2 /* ofAVFoundationPlayer.mm */ = {isa = PBXFileReference; lastKnownFileType = sourcecode.cpp.objcpp; name = ofAVFoundationPlayer.mm; path = ../../../libs/openFrameworks/video/ofAVFoundationPlayer.mm; sourceTree = SOURCE_ROOT; };
		E42962D02163EDD300A6A9E2 /* ofVideoGrabber.cpp */ = {isa = PBXFileReference; lastKnownFileType = sourcecode.cpp.cpp; name = ofVideoGrabber.cpp; path = ../../../libs/openFrameworks/video/ofVideoGrabber.cpp; sourceTree = SOURCE_ROOT; };
		E42962D72163EDD300A6A9E2 /* ofAVFoundationVideoPlayer.m */ = {isa = PBXFileReference; lastKnownFileType = sourcecode.c.objc; name = ofAVFoundationVideoPlayer.m; path = ../../../libs/openFrameworks/video/ofAVFoundationVideoPlayer.m; sourceTree = SOURCE_ROOT; };
		E42962D92163EDD300A6A9E2 /* ofVideoBaseTypes.h */ = {isa = PBXFileReference; lastKnownFileType = sourcecode.c.h; name = ofVideoBaseTypes.h; path = ../../../libs/openFrameworks/video/ofVideoBaseTypes.h; sourceTree = SOURCE_ROOT; };
		E42962DB2163EDD300A6A9E2 /* ofParameterGroup.h */ = {isa = PBXFileReference; lastKnownFileType = sourcecode.c.h; name = ofParameterGroup.h; path = ../../../libs/openFrameworks/types/ofParameterGroup.h; sourceTree = SOURCE_ROOT; };
		E42962DC2163EDD300A6A9E2 /* ofColor.h */ = {isa = PBXFileReference; lastKnownFileType = sourcecode.c.h; name = ofColor.h; path = ../../../libs/openFrameworks/types/ofColor.h; sourceTree = SOURCE_ROOT; };
		E42962DD2163EDD300A6A9E2 /* ofRectangle.cpp */ = {isa = PBXFileReference; lastKnownFileType = sourcecode.cpp.cpp; name = ofRectangle.cpp; path = ../../../libs/openFrameworks/types/ofRectangle.cpp; sourceTree = SOURCE_ROOT; };
		E42962DE2163EDD300A6A9E2 /* ofPoint.h */ = {isa = PBXFileReference; lastKnownFileType = sourcecode.c.h; name = ofPoint.h; path = ../../../libs/openFrameworks/types/ofPoint.h; sourceTree = SOURCE_ROOT; };
		E42962DF2163EDD300A6A9E2 /* ofTypes.h */ = {isa = PBXFileReference; lastKnownFileType = sourcecode.c.h; name = ofTypes.h; path = ../../../libs/openFrameworks/types/ofTypes.h; sourceTree = SOURCE_ROOT; };
		E42962E02163EDD300A6A9E2 /* ofRectangle.h */ = {isa = PBXFileReference; lastKnownFileType = sourcecode.c.h; name = ofRectangle.h; path = ../../../libs/openFrameworks/types/ofRectangle.h; sourceTree = SOURCE_ROOT; };
		E42962E12163EDD300A6A9E2 /* ofBaseTypes.cpp */ = {isa = PBXFileReference; lastKnownFileType = sourcecode.cpp.cpp; name = ofBaseTypes.cpp; path = ../../../libs/openFrameworks/types/ofBaseTypes.cpp; sourceTree = SOURCE_ROOT; };
		E42962E22163EDD300A6A9E2 /* ofParameterGroup.cpp */ = {isa = PBXFileReference; lastKnownFileType = sourcecode.cpp.cpp; name = ofParameterGroup.cpp; path = ../../../libs/openFrameworks/types/ofParameterGroup.cpp; sourceTree = SOURCE_ROOT; };
		E42962E32163EDD300A6A9E2 /* ofParameter.h */ = {isa = PBXFileReference; lastKnownFileType = sourcecode.c.h; name = ofParameter.h; path = ../../../libs/openFrameworks/types/ofParameter.h; sourceTree = SOURCE_ROOT; };
		E42962E42163EDD300A6A9E2 /* ofColor.cpp */ = {isa = PBXFileReference; lastKnownFileType = sourcecode.cpp.cpp; name = ofColor.cpp; path = ../../../libs/openFrameworks/types/ofColor.cpp; sourceTree = SOURCE_ROOT; };
		E42962E52163EDD300A6A9E2 /* ofParameter.cpp */ = {isa = PBXFileReference; lastKnownFileType = sourcecode.cpp.cpp; name = ofParameter.cpp; path = ../../../libs/openFrameworks/types/ofParameter.cpp; sourceTree = SOURCE_ROOT; };
		E42962E62163EDD300A6A9E2 /* ofBaseTypes.h */ = {isa = PBXFileReference; lastKnownFileType = sourcecode.c.h; name = ofBaseTypes.h; path = ../../../libs/openFrameworks/types/ofBaseTypes.h; sourceTree = SOURCE_ROOT; };
		E42962E82163EDD300A6A9E2 /* ofMainLoop.h */ = {isa = PBXFileReference; lastKnownFileType = sourcecode.c.h; name = ofMainLoop.h; path = ../../../libs/openFrameworks/app/ofMainLoop.h; sourceTree = SOURCE_ROOT; };
		E42962E92163EDD300A6A9E2 /* ofBaseApp.cpp */ = {isa = PBXFileReference; lastKnownFileType = sourcecode.cpp.cpp; name = ofBaseApp.cpp; path = ../../../libs/openFrameworks/app/ofBaseApp.cpp; sourceTree = SOURCE_ROOT; };
		E42962EA2163EDD300A6A9E2 /* ofAppGlutWindow.cpp */ = {isa = PBXFileReference; lastKnownFileType = sourcecode.cpp.cpp; name = ofAppGlutWindow.cpp; path = ../../../libs/openFrameworks/app/ofAppGlutWindow.cpp; sourceTree = SOURCE_ROOT; };
		E42962EB2163EDD300A6A9E2 /* ofWindowSettings.h */ = {isa = PBXFileReference; lastKnownFileType = sourcecode.c.h; name = ofWindowSettings.h; path = ../../../libs/openFrameworks/app/ofWindowSettings.h; sourceTree = SOURCE_ROOT; };
		E42962EC2163EDD300A6A9E2 /* ofAppEGLWindow.cpp */ = {isa = PBXFileReference; lastKnownFileType = sourcecode.cpp.cpp; name = ofAppEGLWindow.cpp; path = ../../../libs/openFrameworks/app/ofAppEGLWindow.cpp; sourceTree = SOURCE_ROOT; };
		E42962ED2163EDD300A6A9E2 /* ofAppBaseWindow.h */ = {isa = PBXFileReference; lastKnownFileType = sourcecode.c.h; name = ofAppBaseWindow.h; path = ../../../libs/openFrameworks/app/ofAppBaseWindow.h; sourceTree = SOURCE_ROOT; };
		E42962EE2163EDD300A6A9E2 /* ofIcon.h */ = {isa = PBXFileReference; lastKnownFileType = sourcecode.c.h; name = ofIcon.h; path = ../../../libs/openFrameworks/app/ofIcon.h; sourceTree = SOURCE_ROOT; };
		E42962EF2163EDD300A6A9E2 /* ofAppNoWindow.h */ = {isa = PBXFileReference; lastKnownFileType = sourcecode.c.h; name = ofAppNoWindow.h; path = ../../../libs/openFrameworks/app/ofAppNoWindow.h; sourceTree = SOURCE_ROOT; };
		E42962F02163EDD300A6A9E2 /* ofBaseApp.h */ = {isa = PBXFileReference; lastKnownFileType = sourcecode.c.h; name = ofBaseApp.h; path = ../../../libs/openFrameworks/app/ofBaseApp.h; sourceTree = SOURCE_ROOT; };
		E42962F12163EDD300A6A9E2 /* ofAppEGLWindow.h */ = {isa = PBXFileReference; lastKnownFileType = sourcecode.c.h; name = ofAppEGLWindow.h; path = ../../../libs/openFrameworks/app/ofAppEGLWindow.h; sourceTree = SOURCE_ROOT; };
		E42962F22163EDD300A6A9E2 /* ofMainLoop.cpp */ = {isa = PBXFileReference; lastKnownFileType = sourcecode.cpp.cpp; name = ofMainLoop.cpp; path = ../../../libs/openFrameworks/app/ofMainLoop.cpp; sourceTree = SOURCE_ROOT; };
		E42962F32163EDD300A6A9E2 /* ofAppRunner.h */ = {isa = PBXFileReference; lastKnownFileType = sourcecode.c.h; name = ofAppRunner.h; path = ../../../libs/openFrameworks/app/ofAppRunner.h; sourceTree = SOURCE_ROOT; };
		E42962F42163EDD300A6A9E2 /* ofAppNoWindow.cpp */ = {isa = PBXFileReference; lastKnownFileType = sourcecode.cpp.cpp; name = ofAppNoWindow.cpp; path = ../../../libs/openFrameworks/app/ofAppNoWindow.cpp; sourceTree = SOURCE_ROOT; };
		E42962F52163EDD300A6A9E2 /* ofAppGLFWWindow.cpp */ = {isa = PBXFileReference; lastKnownFileType = sourcecode.cpp.cpp; name = ofAppGLFWWindow.cpp; path = ../../../libs/openFrameworks/app/ofAppGLFWWindow.cpp; sourceTree = SOURCE_ROOT; };
		E42962F62163EDD300A6A9E2 /* ofAppGlutWindow.h */ = {isa = PBXFileReference; lastKnownFileType = sourcecode.c.h; name = ofAppGlutWindow.h; path = ../../../libs/openFrameworks/app/ofAppGlutWindow.h; sourceTree = SOURCE_ROOT; };
		E42962F72163EDD300A6A9E2 /* ofAppRunner.cpp */ = {isa = PBXFileReference; lastKnownFileType = sourcecode.cpp.cpp; name = ofAppRunner.cpp; path = ../../../libs/openFrameworks/app/ofAppRunner.cpp; sourceTree = SOURCE_ROOT; };
		E42962F82163EDD300A6A9E2 /* ofAppGLFWWindow.h */ = {isa = PBXFileReference; lastKnownFileType = sourcecode.c.h; name = ofAppGLFWWindow.h; path = ../../../libs/openFrameworks/app/ofAppGLFWWindow.h; sourceTree = SOURCE_ROOT; };
		E42962F92163EDD300A6A9E2 /* ofMain.h */ = {isa = PBXFileReference; lastKnownFileType = sourcecode.c.h; name = ofMain.h; path = ../../../libs/openFrameworks/ofMain.h; sourceTree = SOURCE_ROOT; };
		E42962FB2163EDD300A6A9E2 /* ofThreadChannel.h */ = {isa = PBXFileReference; lastKnownFileType = sourcecode.c.h; name = ofThreadChannel.h; path = ../../../libs/openFrameworks/utils/ofThreadChannel.h; sourceTree = SOURCE_ROOT; };
		E42962FC2163EDD300A6A9E2 /* ofThread.cpp */ = {isa = PBXFileReference; lastKnownFileType = sourcecode.cpp.cpp; name = ofThread.cpp; path = ../../../libs/openFrameworks/utils/ofThread.cpp; sourceTree = SOURCE_ROOT; };
		E42962FD2163EDD300A6A9E2 /* ofFpsCounter.cpp */ = {isa = PBXFileReference; lastKnownFileType = sourcecode.cpp.cpp; name = ofFpsCounter.cpp; path = ../../../libs/openFrameworks/utils/ofFpsCounter.cpp; sourceTree = SOURCE_ROOT; };
		E42962FE2163EDD300A6A9E2 /* ofURLFileLoader.cpp */ = {isa = PBXFileReference; lastKnownFileType = sourcecode.cpp.cpp; name = ofURLFileLoader.cpp; path = ../../../libs/openFrameworks/utils/ofURLFileLoader.cpp; sourceTree = SOURCE_ROOT; };
		E42962FF2163EDD300A6A9E2 /* ofConstants.h */ = {isa = PBXFileReference; lastKnownFileType = sourcecode.c.h; name = ofConstants.h; path = ../../../libs/openFrameworks/utils/ofConstants.h; sourceTree = SOURCE_ROOT; };
		E42963002163EDD300A6A9E2 /* ofXml.h */ = {isa = PBXFileReference; lastKnownFileType = sourcecode.c.h; name = ofXml.h; path = ../../../libs/openFrameworks/utils/ofXml.h; sourceTree = SOURCE_ROOT; };
		E42963012163EDD300A6A9E2 /* ofFpsCounter.h */ = {isa = PBXFileReference; lastKnownFileType = sourcecode.c.h; name = ofFpsCounter.h; path = ../../../libs/openFrameworks/utils/ofFpsCounter.h; sourceTree = SOURCE_ROOT; };
		E42963022163EDD300A6A9E2 /* ofLog.h */ = {isa = PBXFileReference; lastKnownFileType = sourcecode.c.h; name = ofLog.h; path = ../../../libs/openFrameworks/utils/ofLog.h; sourceTree = SOURCE_ROOT; };
		E42963032163EDD300A6A9E2 /* ofSystemUtils.h */ = {isa = PBXFileReference; lastKnownFileType = sourcecode.c.h; name = ofSystemUtils.h; path = ../../../libs/openFrameworks/utils/ofSystemUtils.h; sourceTree = SOURCE_ROOT; };
		E42963042163EDD300A6A9E2 /* ofSystemUtils.cpp */ = {isa = PBXFileReference; lastKnownFileType = sourcecode.cpp.cpp; name = ofSystemUtils.cpp; path = ../../../libs/openFrameworks/utils/ofSystemUtils.cpp; sourceTree = SOURCE_ROOT; };
		E42963052163EDD300A6A9E2 /* ofUtils.h */ = {isa = PBXFileReference; lastKnownFileType = sourcecode.c.h; name = ofUtils.h; path = ../../../libs/openFrameworks/utils/ofUtils.h; sourceTree = SOURCE_ROOT; };
		E42963062163EDD300A6A9E2 /* ofNoise.h */ = {isa = PBXFileReference; lastKnownFileType = sourcecode.c.h; name = ofNoise.h; path = ../../../libs/openFrameworks/utils/ofNoise.h; sourceTree = SOURCE_ROOT; };
		E42963072163EDD300A6A9E2 /* ofLog.cpp */ = {isa = PBXFileReference; lastKnownFileType = sourcecode.cpp.cpp; name = ofLog.cpp; path = ../../../libs/openFrameworks/utils/ofLog.cpp; sourceTree = SOURCE_ROOT; };
		E42963082163EDD300A6A9E2 /* ofTimer.cpp */ = {isa = PBXFileReference; lastKnownFileType = sourcecode.cpp.cpp; name = ofTimer.cpp; path = ../../../libs/openFrameworks/utils/ofTimer.cpp; sourceTree = SOURCE_ROOT; };
		E42963092163EDD300A6A9E2 /* ofFileUtils.h */ = {isa = PBXFileReference; lastKnownFileType = sourcecode.c.h; name = ofFileUtils.h; path = ../../../libs/openFrameworks/utils/ofFileUtils.h; sourceTree = SOURCE_ROOT; };
		E429630A2163EDD300A6A9E2 /* ofThread.h */ = {isa = PBXFileReference; lastKnownFileType = sourcecode.c.h; name = ofThread.h; path = ../../../libs/openFrameworks/utils/ofThread.h; sourceTree = SOURCE_ROOT; };
		E429630B2163EDD300A6A9E2 /* ofURLFileLoader.h */ = {isa = PBXFileReference; lastKnownFileType = sourcecode.c.h; name = ofURLFileLoader.h; path = ../../../libs/openFrameworks/utils/ofURLFileLoader.h; sourceTree = SOURCE_ROOT; };
		E429630C2163EDD300A6A9E2 /* ofJson.h */ = {isa = PBXFileReference; lastKnownFileType = sourcecode.c.h; name = ofJson.h; path = ../../../libs/openFrameworks/utils/ofJson.h; sourceTree = SOURCE_ROOT; };
		E429630D2163EDD300A6A9E2 /* ofFileUtils.cpp */ = {isa = PBXFileReference; lastKnownFileType = sourcecode.cpp.cpp; name = ofFileUtils.cpp; path = ../../../libs/openFrameworks/utils/ofFileUtils.cpp; sourceTree = SOURCE_ROOT; };
		E429630E2163EDD300A6A9E2 /* ofMatrixStack.cpp */ = {isa = PBXFileReference; lastKnownFileType = sourcecode.cpp.cpp; name = ofMatrixStack.cpp; path = ../../../libs/openFrameworks/utils/ofMatrixStack.cpp; sourceTree = SOURCE_ROOT; };
		E429630F2163EDD300A6A9E2 /* ofUtils.cpp */ = {isa = PBXFileReference; lastKnownFileType = sourcecode.cpp.cpp; name = ofUtils.cpp; path = ../../../libs/openFrameworks/utils/ofUtils.cpp; sourceTree = SOURCE_ROOT; };
		E42963102163EDD300A6A9E2 /* ofXml.cpp */ = {isa = PBXFileReference; lastKnownFileType = sourcecode.cpp.cpp; name = ofXml.cpp; path = ../../../libs/openFrameworks/utils/ofXml.cpp; sourceTree = SOURCE_ROOT; };
		E42963112163EDD300A6A9E2 /* ofMatrixStack.h */ = {isa = PBXFileReference; lastKnownFileType = sourcecode.c.h; name = ofMatrixStack.h; path = ../../../libs/openFrameworks/utils/ofMatrixStack.h; sourceTree = SOURCE_ROOT; };
		E42963122163EDD300A6A9E2 /* ofTimer.h */ = {isa = PBXFileReference; lastKnownFileType = sourcecode.c.h; name = ofTimer.h; path = ../../../libs/openFrameworks/utils/ofTimer.h; sourceTree = SOURCE_ROOT; };
		E42963142163EDD300A6A9E2 /* ofVec2f.cpp */ = {isa = PBXFileReference; lastKnownFileType = sourcecode.cpp.cpp; name = ofVec2f.cpp; path = ../../../libs/openFrameworks/math/ofVec2f.cpp; sourceTree = SOURCE_ROOT; };
		E42963152163EDD300A6A9E2 /* ofVec4f.cpp */ = {isa = PBXFileReference; lastKnownFileType = sourcecode.cpp.cpp; name = ofVec4f.cpp; path = ../../../libs/openFrameworks/math/ofVec4f.cpp; sourceTree = SOURCE_ROOT; };
		E42963162163EDD300A6A9E2 /* ofVec4f.h */ = {isa = PBXFileReference; lastKnownFileType = sourcecode.c.h; name = ofVec4f.h; path = ../../../libs/openFrameworks/math/ofVec4f.h; sourceTree = SOURCE_ROOT; };
		E42963172163EDD300A6A9E2 /* ofMath.cpp */ = {isa = PBXFileReference; lastKnownFileType = sourcecode.cpp.cpp; name = ofMath.cpp; path = ../../../libs/openFrameworks/math/ofMath.cpp; sourceTree = SOURCE_ROOT; };
		E42963182163EDD300A6A9E2 /* ofMathConstants.h */ = {isa = PBXFileReference; lastKnownFileType = sourcecode.c.h; name = ofMathConstants.h; path = ../../../libs/openFrameworks/math/ofMathConstants.h; sourceTree = SOURCE_ROOT; };
		E42963192163EDD300A6A9E2 /* ofMatrix4x4.h */ = {isa = PBXFileReference; lastKnownFileType = sourcecode.c.h; name = ofMatrix4x4.h; path = ../../../libs/openFrameworks/math/ofMatrix4x4.h; sourceTree = SOURCE_ROOT; };
		E429631A2163EDD300A6A9E2 /* ofVec3f.h */ = {isa = PBXFileReference; lastKnownFileType = sourcecode.c.h; name = ofVec3f.h; path = ../../../libs/openFrameworks/math/ofVec3f.h; sourceTree = SOURCE_ROOT; };
		E429631B2163EDD300A6A9E2 /* ofMatrix3x3.cpp */ = {isa = PBXFileReference; lastKnownFileType = sourcecode.cpp.cpp; name = ofMatrix3x3.cpp; path = ../../../libs/openFrameworks/math/ofMatrix3x3.cpp; sourceTree = SOURCE_ROOT; };
		E429631C2163EDD300A6A9E2 /* ofMath.h */ = {isa = PBXFileReference; lastKnownFileType = sourcecode.c.h; name = ofMath.h; path = ../../../libs/openFrameworks/math/ofMath.h; sourceTree = SOURCE_ROOT; };
		E429631D2163EDD300A6A9E2 /* ofQuaternion.h */ = {isa = PBXFileReference; lastKnownFileType = sourcecode.c.h; name = ofQuaternion.h; path = ../../../libs/openFrameworks/math/ofQuaternion.h; sourceTree = SOURCE_ROOT; };
		E429631E2163EDD300A6A9E2 /* ofVectorMath.h */ = {isa = PBXFileReference; lastKnownFileType = sourcecode.c.h; name = ofVectorMath.h; path = ../../../libs/openFrameworks/math/ofVectorMath.h; sourceTree = SOURCE_ROOT; };
		E429631F2163EDD300A6A9E2 /* ofQuaternion.cpp */ = {isa = PBXFileReference; lastKnownFileType = sourcecode.cpp.cpp; name = ofQuaternion.cpp; path = ../../../libs/openFrameworks/math/ofQuaternion.cpp; sourceTree = SOURCE_ROOT; };
		E42963202163EDD300A6A9E2 /* ofVec2f.h */ = {isa = PBXFileReference; lastKnownFileType = sourcecode.c.h; name = ofVec2f.h; path = ../../../libs/openFrameworks/math/ofVec2f.h; sourceTree = SOURCE_ROOT; };
		E42963212163EDD300A6A9E2 /* ofMatrix4x4.cpp */ = {isa = PBXFileReference; lastKnownFileType = sourcecode.cpp.cpp; name = ofMatrix4x4.cpp; path = ../../../libs/openFrameworks/math/ofMatrix4x4.cpp; sourceTree = SOURCE_ROOT; };
		E42963222163EDD300A6A9E2 /* ofMatrix3x3.h */ = {isa = PBXFileReference; lastKnownFileType = sourcecode.c.h; name = ofMatrix3x3.h; path = ../../../libs/openFrameworks/math/ofMatrix3x3.h; sourceTree = SOURCE_ROOT; };
		E42963262163EDD300A6A9E2 /* ofVboMesh.h */ = {isa = PBXFileReference; lastKnownFileType = sourcecode.c.h; name = ofVboMesh.h; path = ../../../libs/openFrameworks/gl/ofVboMesh.h; sourceTree = SOURCE_ROOT; };
		E42963272163EDD300A6A9E2 /* ofTexture.h */ = {isa = PBXFileReference; lastKnownFileType = sourcecode.c.h; name = ofTexture.h; path = ../../../libs/openFrameworks/gl/ofTexture.h; sourceTree = SOURCE_ROOT; };
		E42963282163EDD300A6A9E2 /* ofShader.h */ = {isa = PBXFileReference; lastKnownFileType = sourcecode.c.h; name = ofShader.h; path = ../../../libs/openFrameworks/gl/ofShader.h; sourceTree = SOURCE_ROOT; };
		E42963292163EDD300A6A9E2 /* ofMaterial.cpp */ = {isa = PBXFileReference; lastKnownFileType = sourcecode.cpp.cpp; name = ofMaterial.cpp; path = ../../../libs/openFrameworks/gl/ofMaterial.cpp; sourceTree = SOURCE_ROOT; };
		E429632A2163EDD300A6A9E2 /* ofFbo.cpp */ = {isa = PBXFileReference; lastKnownFileType = sourcecode.cpp.cpp; name = ofFbo.cpp; path = ../../../libs/openFrameworks/gl/ofFbo.cpp; sourceTree = SOURCE_ROOT; };
		E429632B2163EDD300A6A9E2 /* ofLight.h */ = {isa = PBXFileReference; lastKnownFileType = sourcecode.c.h; name = ofLight.h; path = ../../../libs/openFrameworks/gl/ofLight.h; sourceTree = SOURCE_ROOT; };
		E429632C2163EDD300A6A9E2 /* ofMaterial.h */ = {isa = PBXFileReference; lastKnownFileType = sourcecode.c.h; name = ofMaterial.h; path = ../../../libs/openFrameworks/gl/ofMaterial.h; sourceTree = SOURCE_ROOT; };
		E429632D2163EDD300A6A9E2 /* ofShader.cpp */ = {isa = PBXFileReference; lastKnownFileType = sourcecode.cpp.cpp; name = ofShader.cpp; path = ../../../libs/openFrameworks/gl/ofShader.cpp; sourceTree = SOURCE_ROOT; };
		E429632E2163EDD300A6A9E2 /* ofBufferObject.cpp */ = {isa = PBXFileReference; lastKnownFileType = sourcecode.cpp.cpp; name = ofBufferObject.cpp; path = ../../../libs/openFrameworks/gl/ofBufferObject.cpp; sourceTree = SOURCE_ROOT; };
		E429632F2163EDD300A6A9E2 /* ofVboMesh.cpp */ = {isa = PBXFileReference; lastKnownFileType = sourcecode.cpp.cpp; name = ofVboMesh.cpp; path = ../../../libs/openFrameworks/gl/ofVboMesh.cpp; sourceTree = SOURCE_ROOT; };
		E42963302163EDD300A6A9E2 /* ofGLUtils.cpp */ = {isa = PBXFileReference; lastKnownFileType = sourcecode.cpp.cpp; name = ofGLUtils.cpp; path = ../../../libs/openFrameworks/gl/ofGLUtils.cpp; sourceTree = SOURCE_ROOT; };
		E42963312163EDD300A6A9E2 /* ofVbo.h */ = {isa = PBXFileReference; lastKnownFileType = sourcecode.c.h; name = ofVbo.h; path = ../../../libs/openFrameworks/gl/ofVbo.h; sourceTree = SOURCE_ROOT; };
		E42963322163EDD300A6A9E2 /* ofLight.cpp */ = {isa = PBXFileReference; lastKnownFileType = sourcecode.cpp.cpp; name = ofLight.cpp; path = ../../../libs/openFrameworks/gl/ofLight.cpp; sourceTree = SOURCE_ROOT; };
		E42963332163EDD300A6A9E2 /* ofBufferObject.h */ = {isa = PBXFileReference; lastKnownFileType = sourcecode.c.h; name = ofBufferObject.h; path = ../../../libs/openFrameworks/gl/ofBufferObject.h; sourceTree = SOURCE_ROOT; };
		E42963342163EDD300A6A9E2 /* ofGLProgrammableRenderer.cpp */ = {isa = PBXFileReference; lastKnownFileType = sourcecode.cpp.cpp; name = ofGLProgrammableRenderer.cpp; path = ../../../libs/openFrameworks/gl/ofGLProgrammableRenderer.cpp; sourceTree = SOURCE_ROOT; };
		E42963382163EDD300A6A9E2 /* ofFbo.h */ = {isa = PBXFileReference; lastKnownFileType = sourcecode.c.h; name = ofFbo.h; path = ../../../libs/openFrameworks/gl/ofFbo.h; sourceTree = SOURCE_ROOT; };
		E42963392163EDD300A6A9E2 /* ofGLBaseTypes.h */ = {isa = PBXFileReference; lastKnownFileType = sourcecode.c.h; name = ofGLBaseTypes.h; path = ../../../libs/openFrameworks/gl/ofGLBaseTypes.h; sourceTree = SOURCE_ROOT; };
		E429633A2163EDD300A6A9E2 /* ofVbo.cpp */ = {isa = PBXFileReference; lastKnownFileType = sourcecode.cpp.cpp; name = ofVbo.cpp; path = ../../../libs/openFrameworks/gl/ofVbo.cpp; sourceTree = SOURCE_ROOT; };
		E429633B2163EDD300A6A9E2 /* ofGLProgrammableRenderer.h */ = {isa = PBXFileReference; lastKnownFileType = sourcecode.c.h; name = ofGLProgrammableRenderer.h; path = ../../../libs/openFrameworks/gl/ofGLProgrammableRenderer.h; sourceTree = SOURCE_ROOT; };
		E429633C2163EDD300A6A9E2 /* ofTexture.cpp */ = {isa = PBXFileReference; lastKnownFileType = sourcecode.cpp.cpp; name = ofTexture.cpp; path = ../../../libs/openFrameworks/gl/ofTexture.cpp; sourceTree = SOURCE_ROOT; };
		E429633D2163EDD300A6A9E2 /* ofGLUtils.h */ = {isa = PBXFileReference; lastKnownFileType = sourcecode.c.h; name = ofGLUtils.h; path = ../../../libs/openFrameworks/gl/ofGLUtils.h; sourceTree = SOURCE_ROOT; };
		E429633E2163EDD300A6A9E2 /* ofGLRenderer.cpp */ = {isa = PBXFileReference; lastKnownFileType = sourcecode.cpp.cpp; name = ofGLRenderer.cpp; path = ../../../libs/openFrameworks/gl/ofGLRenderer.cpp; sourceTree = SOURCE_ROOT; };
		E429633F2163EDD300A6A9E2 /* ofGLRenderer.h */ = {isa = PBXFileReference; lastKnownFileType = sourcecode.c.h; name = ofGLRenderer.h; path = ../../../libs/openFrameworks/gl/ofGLRenderer.h; sourceTree = SOURCE_ROOT; };
		E42963412163EDD300A6A9E2 /* ofArduino.h */ = {isa = PBXFileReference; lastKnownFileType = sourcecode.c.h; name = ofArduino.h; path = ../../../libs/openFrameworks/communication/ofArduino.h; sourceTree = SOURCE_ROOT; };
		E42963422163EDD300A6A9E2 /* ofSerial.cpp */ = {isa = PBXFileReference; lastKnownFileType = sourcecode.cpp.cpp; name = ofSerial.cpp; path = ../../../libs/openFrameworks/communication/ofSerial.cpp; sourceTree = SOURCE_ROOT; };
		E42963432163EDD300A6A9E2 /* ofSerial.h */ = {isa = PBXFileReference; lastKnownFileType = sourcecode.c.h; name = ofSerial.h; path = ../../../libs/openFrameworks/communication/ofSerial.h; sourceTree = SOURCE_ROOT; };
		E42963442163EDD300A6A9E2 /* ofArduino.cpp */ = {isa = PBXFileReference; lastKnownFileType = sourcecode.cpp.cpp; name = ofArduino.cpp; path = ../../../libs/openFrameworks/communication/ofArduino.cpp; sourceTree = SOURCE_ROOT; };
		E42963462163EDD300A6A9E2 /* ofEventUtils.h */ = {isa = PBXFileReference; lastKnownFileType = sourcecode.c.h; name = ofEventUtils.h; path = ../../../libs/openFrameworks/events/ofEventUtils.h; sourceTree = SOURCE_ROOT; };
		E42963472163EDD300A6A9E2 /* ofEvent.h */ = {isa = PBXFileReference; lastKnownFileType = sourcecode.c.h; name = ofEvent.h; path = ../../../libs/openFrameworks/events/ofEvent.h; sourceTree = SOURCE_ROOT; };
		E42963482163EDD300A6A9E2 /* ofEvents.h */ = {isa = PBXFileReference; lastKnownFileType = sourcecode.c.h; name = ofEvents.h; path = ../../../libs/openFrameworks/events/ofEvents.h; sourceTree = SOURCE_ROOT; };
		E42963492163EDD300A6A9E2 /* ofEvents.cpp */ = {isa = PBXFileReference; lastKnownFileType = sourcecode.cpp.cpp; name = ofEvents.cpp; path = ../../../libs/openFrameworks/events/ofEvents.cpp; sourceTree = SOURCE_ROOT; };
		E429634B2163EDD300A6A9E2 /* ofGraphicsBaseTypes.h */ = {isa = PBXFileReference; lastKnownFileType = sourcecode.c.h; name = ofGraphicsBaseTypes.h; path = ../../../libs/openFrameworks/graphics/ofGraphicsBaseTypes.h; sourceTree = SOURCE_ROOT; };
		E429634C2163EDD300A6A9E2 /* ofPath.h */ = {isa = PBXFileReference; lastKnownFileType = sourcecode.c.h; name = ofPath.h; path = ../../../libs/openFrameworks/graphics/ofPath.h; sourceTree = SOURCE_ROOT; };
		E429634D2163EDD300A6A9E2 /* ofBitmapFont.cpp */ = {isa = PBXFileReference; lastKnownFileType = sourcecode.cpp.cpp; name = ofBitmapFont.cpp; path = ../../../libs/openFrameworks/graphics/ofBitmapFont.cpp; sourceTree = SOURCE_ROOT; };
		E429634E2163EDD300A6A9E2 /* ofTrueTypeFont.h */ = {isa = PBXFileReference; lastKnownFileType = sourcecode.c.h; name = ofTrueTypeFont.h; path = ../../../libs/openFrameworks/graphics/ofTrueTypeFont.h; sourceTree = SOURCE_ROOT; };
		E429634F2163EDD300A6A9E2 /* ofTessellator.cpp */ = {isa = PBXFileReference; lastKnownFileType = sourcecode.cpp.cpp; name = ofTessellator.cpp; path = ../../../libs/openFrameworks/graphics/ofTessellator.cpp; sourceTree = SOURCE_ROOT; };
		E42963502163EDD300A6A9E2 /* ofGraphics.cpp */ = {isa = PBXFileReference; lastKnownFileType = sourcecode.cpp.cpp; name = ofGraphics.cpp; path = ../../../libs/openFrameworks/graphics/ofGraphics.cpp; sourceTree = SOURCE_ROOT; };
		E42963512163EDD300A6A9E2 /* ofPolyline.h */ = {isa = PBXFileReference; lastKnownFileType = sourcecode.c.h; name = ofPolyline.h; path = ../../../libs/openFrameworks/graphics/ofPolyline.h; sourceTree = SOURCE_ROOT; };
		E42963522163EDD300A6A9E2 /* ofGraphicsBaseTypes.cpp */ = {isa = PBXFileReference; lastKnownFileType = sourcecode.cpp.cpp; name = ofGraphicsBaseTypes.cpp; path = ../../../libs/openFrameworks/graphics/ofGraphicsBaseTypes.cpp; sourceTree = SOURCE_ROOT; };
		E42963532163EDD300A6A9E2 /* ofCairoRenderer.cpp */ = {isa = PBXFileReference; lastKnownFileType = sourcecode.cpp.cpp; name = ofCairoRenderer.cpp; path = ../../../libs/openFrameworks/graphics/ofCairoRenderer.cpp; sourceTree = SOURCE_ROOT; };
		E42963542163EDD300A6A9E2 /* ofRendererCollection.cpp */ = {isa = PBXFileReference; lastKnownFileType = sourcecode.cpp.cpp; name = ofRendererCollection.cpp; path = ../../../libs/openFrameworks/graphics/ofRendererCollection.cpp; sourceTree = SOURCE_ROOT; };
		E42963552163EDD300A6A9E2 /* ofPath.cpp */ = {isa = PBXFileReference; lastKnownFileType = sourcecode.cpp.cpp; name = ofPath.cpp; path = ../../../libs/openFrameworks/graphics/ofPath.cpp; sourceTree = SOURCE_ROOT; };
		E42963562163EDD300A6A9E2 /* ofPixels.cpp */ = {isa = PBXFileReference; lastKnownFileType = sourcecode.cpp.cpp; name = ofPixels.cpp; path = ../../../libs/openFrameworks/graphics/ofPixels.cpp; sourceTree = SOURCE_ROOT; };
		E42963572163EDD300A6A9E2 /* ofPolyline.inl */ = {isa = PBXFileReference; lastKnownFileType = text; name = ofPolyline.inl; path = ../../../libs/openFrameworks/graphics/ofPolyline.inl; sourceTree = SOURCE_ROOT; };
		E42963582163EDD300A6A9E2 /* of3dGraphics.cpp */ = {isa = PBXFileReference; lastKnownFileType = sourcecode.cpp.cpp; name = of3dGraphics.cpp; path = ../../../libs/openFrameworks/graphics/of3dGraphics.cpp; sourceTree = SOURCE_ROOT; };
		E42963592163EDD300A6A9E2 /* ofImage.h */ = {isa = PBXFileReference; lastKnownFileType = sourcecode.c.h; name = ofImage.h; path = ../../../libs/openFrameworks/graphics/ofImage.h; sourceTree = SOURCE_ROOT; };
		E429635A2163EDD300A6A9E2 /* ofPixels.h */ = {isa = PBXFileReference; lastKnownFileType = sourcecode.c.h; name = ofPixels.h; path = ../../../libs/openFrameworks/graphics/ofPixels.h; sourceTree = SOURCE_ROOT; };
		E429635B2163EDD300A6A9E2 /* ofCairoRenderer.h */ = {isa = PBXFileReference; lastKnownFileType = sourcecode.c.h; name = ofCairoRenderer.h; path = ../../../libs/openFrameworks/graphics/ofCairoRenderer.h; sourceTree = SOURCE_ROOT; };
		E429635C2163EDD300A6A9E2 /* ofBitmapFont.h */ = {isa = PBXFileReference; lastKnownFileType = sourcecode.c.h; name = ofBitmapFont.h; path = ../../../libs/openFrameworks/graphics/ofBitmapFont.h; sourceTree = SOURCE_ROOT; };
		E429635D2163EDD300A6A9E2 /* ofTrueTypeFont.cpp */ = {isa = PBXFileReference; lastKnownFileType = sourcecode.cpp.cpp; name = ofTrueTypeFont.cpp; path = ../../../libs/openFrameworks/graphics/ofTrueTypeFont.cpp; sourceTree = SOURCE_ROOT; };
		E429635E2163EDD300A6A9E2 /* ofRendererCollection.h */ = {isa = PBXFileReference; lastKnownFileType = sourcecode.c.h; name = ofRendererCollection.h; path = ../../../libs/openFrameworks/graphics/ofRendererCollection.h; sourceTree = SOURCE_ROOT; };
		E429635F2163EDD300A6A9E2 /* ofGraphics.h */ = {isa = PBXFileReference; lastKnownFileType = sourcecode.c.h; name = ofGraphics.h; path = ../../../libs/openFrameworks/graphics/ofGraphics.h; sourceTree = SOURCE_ROOT; };
		E42963602163EDD300A6A9E2 /* ofGraphicsConstants.h */ = {isa = PBXFileReference; lastKnownFileType = sourcecode.c.h; name = ofGraphicsConstants.h; path = ../../../libs/openFrameworks/graphics/ofGraphicsConstants.h; sourceTree = SOURCE_ROOT; };
		E42963612163EDD300A6A9E2 /* ofImage.cpp */ = {isa = PBXFileReference; lastKnownFileType = sourcecode.cpp.cpp; name = ofImage.cpp; path = ../../../libs/openFrameworks/graphics/ofImage.cpp; sourceTree = SOURCE_ROOT; };
		E42963622163EDD300A6A9E2 /* of3dGraphics.h */ = {isa = PBXFileReference; lastKnownFileType = sourcecode.c.h; name = of3dGraphics.h; path = ../../../libs/openFrameworks/graphics/of3dGraphics.h; sourceTree = SOURCE_ROOT; };
		E42963632163EDD300A6A9E2 /* ofTessellator.h */ = {isa = PBXFileReference; lastKnownFileType = sourcecode.c.h; name = ofTessellator.h; path = ../../../libs/openFrameworks/graphics/ofTessellator.h; sourceTree = SOURCE_ROOT; };
		E42963652163EDD300A6A9E2 /* ofSoundStream.cpp */ = {isa = PBXFileReference; lastKnownFileType = sourcecode.cpp.cpp; name = ofSoundStream.cpp; path = ../../../libs/openFrameworks/sound/ofSoundStream.cpp; sourceTree = SOURCE_ROOT; };
		E42963662163EDD300A6A9E2 /* ofSoundStream.h */ = {isa = PBXFileReference; lastKnownFileType = sourcecode.c.h; name = ofSoundStream.h; path = ../../../libs/openFrameworks/sound/ofSoundStream.h; sourceTree = SOURCE_ROOT; };
		E42963672163EDD300A6A9E2 /* ofSoundPlayer.h */ = {isa = PBXFileReference; lastKnownFileType = sourcecode.c.h; name = ofSoundPlayer.h; path = ../../../libs/openFrameworks/sound/ofSoundPlayer.h; sourceTree = SOURCE_ROOT; };
		E42963682163EDD300A6A9E2 /* ofOpenALSoundPlayer.h */ = {isa = PBXFileReference; lastKnownFileType = sourcecode.c.h; name = ofOpenALSoundPlayer.h; path = ../../../libs/openFrameworks/sound/ofOpenALSoundPlayer.h; sourceTree = SOURCE_ROOT; };
		E42963692163EDD300A6A9E2 /* ofRtAudioSoundStream.cpp */ = {isa = PBXFileReference; lastKnownFileType = sourcecode.cpp.cpp; name = ofRtAudioSoundStream.cpp; path = ../../../libs/openFrameworks/sound/ofRtAudioSoundStream.cpp; sourceTree = SOURCE_ROOT; };
		E429636A2163EDD300A6A9E2 /* ofFmodSoundPlayer.cpp */ = {isa = PBXFileReference; lastKnownFileType = sourcecode.cpp.cpp; name = ofFmodSoundPlayer.cpp; path = ../../../libs/openFrameworks/sound/ofFmodSoundPlayer.cpp; sourceTree = SOURCE_ROOT; };
		E429636B2163EDD300A6A9E2 /* ofSoundBaseTypes.cpp */ = {isa = PBXFileReference; lastKnownFileType = sourcecode.cpp.cpp; name = ofSoundBaseTypes.cpp; path = ../../../libs/openFrameworks/sound/ofSoundBaseTypes.cpp; sourceTree = SOURCE_ROOT; };
		E429636C2163EDD300A6A9E2 /* ofOpenALSoundPlayer.cpp */ = {isa = PBXFileReference; lastKnownFileType = sourcecode.cpp.cpp; name = ofOpenALSoundPlayer.cpp; path = ../../../libs/openFrameworks/sound/ofOpenALSoundPlayer.cpp; sourceTree = SOURCE_ROOT; };
		E429636D2163EDD300A6A9E2 /* ofSoundPlayer.cpp */ = {isa = PBXFileReference; lastKnownFileType = sourcecode.cpp.cpp; name = ofSoundPlayer.cpp; path = ../../../libs/openFrameworks/sound/ofSoundPlayer.cpp; sourceTree = SOURCE_ROOT; };
		E429636E2163EDD300A6A9E2 /* ofRtAudioSoundStream.h */ = {isa = PBXFileReference; lastKnownFileType = sourcecode.c.h; name = ofRtAudioSoundStream.h; path = ../../../libs/openFrameworks/sound/ofRtAudioSoundStream.h; sourceTree = SOURCE_ROOT; };
		E429636F2163EDD300A6A9E2 /* ofSoundUtils.h */ = {isa = PBXFileReference; lastKnownFileType = sourcecode.c.h; name = ofSoundUtils.h; path = ../../../libs/openFrameworks/sound/ofSoundUtils.h; sourceTree = SOURCE_ROOT; };
		E42963702163EDD300A6A9E2 /* ofSoundBuffer.h */ = {isa = PBXFileReference; lastKnownFileType = sourcecode.c.h; name = ofSoundBuffer.h; path = ../../../libs/openFrameworks/sound/ofSoundBuffer.h; sourceTree = SOURCE_ROOT; };
		E42963712163EDD300A6A9E2 /* ofFmodSoundPlayer.h */ = {isa = PBXFileReference; lastKnownFileType = sourcecode.c.h; name = ofFmodSoundPlayer.h; path = ../../../libs/openFrameworks/sound/ofFmodSoundPlayer.h; sourceTree = SOURCE_ROOT; };
		E42963722163EDD300A6A9E2 /* ofSoundBuffer.cpp */ = {isa = PBXFileReference; lastKnownFileType = sourcecode.cpp.cpp; name = ofSoundBuffer.cpp; path = ../../../libs/openFrameworks/sound/ofSoundBuffer.cpp; sourceTree = SOURCE_ROOT; };
		E42963732163EDD300A6A9E2 /* ofSoundBaseTypes.h */ = {isa = PBXFileReference; lastKnownFileType = sourcecode.c.h; name = ofSoundBaseTypes.h; path = ../../../libs/openFrameworks/sound/ofSoundBaseTypes.h; sourceTree = SOURCE_ROOT; };
		E4B69B5B0A3A1756003C02F2 /* VisionOSCDebug.app */ = {isa = PBXFileReference; explicitFileType = wrapper.application; includeInIndex = 0; path = VisionOSCDebug.app; sourceTree = BUILT_PRODUCTS_DIR; };
		E4B69E1D0A3A1BDC003C02F2 /* main.cpp */ = {isa = PBXFileReference; explicitFileType = sourcecode.cpp.objcpp; fileEncoding = 4; name = main.cpp; path = src/main.cpp; sourceTree = SOURCE_ROOT; };
		E4B69E1E0A3A1BDC003C02F2 /* ofApp.cpp */ = {isa = PBXFileReference; explicitFileType = sourcecode.cpp.objcpp; fileEncoding = 4; name = ofApp.cpp; path = src/ofApp.cpp; sourceTree = SOURCE_ROOT; };
		E4B69E1F0A3A1BDC003C02F2 /* ofApp.h */ = {isa = PBXFileReference; explicitFileType = sourcecode.cpp.objcpp; fileEncoding = 4; name = ofApp.h; path = src/ofApp.h; sourceTree = SOURCE_ROOT; };
		E4B6FCAD0C3E899E008CF71C /* openFrameworks-Info.plist */ = {isa = PBXFileReference; fileEncoding = 4; lastKnownFileType = text.plist.xml; path = "openFrameworks-Info.plist"; sourceTree = "<group>"; };
		E4EB6923138AFD0F00A09F29 /* Project.xcconfig */ = {isa = PBXFileReference; fileEncoding = 4; lastKnownFileType = text.xcconfig; path = Project.xcconfig; sourceTree = "<group>"; };
		"{073A1885-665B-429A-8E0E-DD45FA270B4B}" /* ofxLabel.cpp */ = {isa = PBXFileReference; explicitFileType = sourcecode.cpp.cpp; fileEncoding = 4; name = ofxLabel.cpp; path = ../../../addons/ofxGui/src/ofxLabel.cpp; sourceTree = SOURCE_ROOT; };
		"{0D819893-0017-4EEC-A96B-DBCF1DDF3006}" /* ofxSliderGroup.cpp */ = {isa = PBXFileReference; explicitFileType = sourcecode.cpp.cpp; fileEncoding = 4; name = ofxSliderGroup.cpp; path = ../../../addons/ofxGui/src/ofxSliderGroup.cpp; sourceTree = SOURCE_ROOT; };
		"{0E5E8530-6B11-4166-93E9-1CBC3555B07E}" /* ofxSlider.cpp */ = {isa = PBXFileReference; explicitFileType = sourcecode.cpp.cpp; fileEncoding = 4; name = ofxSlider.cpp; path = ../../../addons/ofxGui/src/ofxSlider.cpp; sourceTree = SOURCE_ROOT; };
		"{171C017C-2DF4-40DB-BAD1-BD085D2C7364}" /* ofxOscParameterSync.h */ = {isa = PBXFileReference; explicitFileType = sourcecode.c.h; fileEncoding = 4; name = ofxOscParameterSync.h; path = ../../../addons/ofxOsc/src/ofxOscParameterSync.h; sourceTree = SOURCE_ROOT; };
		"{1BB8C3C6-FE6A-4BE3-922D-4FDAFE2E583E}" /* ofxOscParameterSync.cpp */ = {isa = PBXFileReference; explicitFileType = sourcecode.cpp.cpp; fileEncoding = 4; name = ofxOscParameterSync.cpp; path = ../../../addons/ofxOsc/src/ofxOscParameterSync.cpp; sourceTree = SOURCE_ROOT; };
		"{1DAA7035-42CA-4486-9912-2CAF1633CB8A}" /* PacketListener.h */ = {isa = PBXFileReference; explicitFileType = sourcecode.c.h; fileEncoding = 4; name = PacketListener.h; path = ../../../addons/ofxOsc/libs/oscpack/src/ip/PacketListener.h; sourceTree = SOURCE_ROOT; };
		"{1E8783EE-AD09-484C-8640-3B7DA7150AB9}" /* ofxBaseGui.cpp */ = {isa = PBXFileReference; explicitFileType = sourcecode.cpp.cpp; fileEncoding = 4; name = ofxBaseGui.cpp; path = ../../../addons/ofxGui/src/ofxBaseGui.cpp; sourceTree = SOURCE_ROOT; };
		"{1F9DC3FE-E823-49B5-93CC-943C07A76813}" /* IpEndpointName.cpp */ = {isa = PBXFileReference; explicitFileType = sourcecode.cpp.cpp; fileEncoding = 4; name = IpEndpointName.cpp; path = ../../../addons/ofxOsc/libs/oscpack/src/ip/IpEndpointName.cpp; sourceTree = SOURCE_ROOT; };
		"{249A5DAD-BE43-4EA3-B3C6-07D62F98BBEF}" /* ofxOscBundle.h */ = {isa = PBXFileReference; explicitFileType = sourcecode.c.h; fileEncoding = 4; name = ofxOscBundle.h; path = ../../../addons/ofxOsc/src/ofxOscBundle.h; sourceTree = SOURCE_ROOT; };
		"{286D59FF-4957-4C11-9051-75BE9DDC93B2}" /* ofxOscBundle.cpp */ = {isa = PBXFileReference; explicitFileType = sourcecode.cpp.cpp; fileEncoding = 4; name = ofxOscBundle.cpp; path = ../../../addons/ofxOsc/src/ofxOscBundle.cpp; sourceTree = SOURCE_ROOT; };
		"{2A626BCA-40FD-4DB2-AA97-B90812760335}" /* ofxColorPicker.cpp */ = {isa = PBXFileReference; explicitFileType = sourcecode.cpp.cpp; fileEncoding = 4; name = ofxColorPicker.cpp; path = ../../../addons/ofxGui/src/ofxColorPicker.cpp; sourceTree = SOURCE_ROOT; };
		"{2DD772FF-5CB4-4F9E-9B83-0DA4129EBA02}" /* ofxLabel.h */ = {isa = PBXFileReference; explicitFileType = sourcecode.c.h; fileEncoding = 4; name = ofxLabel.h; path = ../../../addons/ofxGui/src/ofxLabel.h; sourceTree = SOURCE_ROOT; };
		"{36636A9B-8D46-4A71-95D8-60B3D80B2949}" /* hand.h */ = {isa = PBXFileReference; explicitFileType = sourcecode.cpp.objcpp; fileEncoding = 4; name = hand.h; path = src/hand.h; sourceTree = SOURCE_ROOT; };
		"{37D9CB2F-9233-465D-BB2B-4CE29F2004DB}" /* OscPrintReceivedElements.cpp */ = {isa = PBXFileReference; explicitFileType = sourcecode.cpp.cpp; fileEncoding = 4; name = OscPrintReceivedElements.cpp; path = ../../../addons/ofxOsc/libs/oscpack/src/osc/OscPrintReceivedElements.cpp; sourceTree = SOURCE_ROOT; };
		"{3BA4A35F-25F9-43B4-B831-7E96B3D036D0}" /* ofxButton.h */ = {isa = PBXFileReference; explicitFileType = sourcecode.c.h; fileEncoding = 4; name = ofxButton.h; path = ../../../addons/ofxGui/src/ofxButton.h; sourceTree = SOURCE_ROOT; };
		"{3D185C3E-63C7-4134-935B-C9ACF30625AB}" /* text.mm */ = {isa = PBXFileReference; explicitFileType = sourcecode.cpp.objcpp; fileEncoding = 4; name = text.mm; path = src/text.mm; sourceTree = SOURCE_ROOT; };
		"{3F02E7CD-3735-44B0-9E15-59F72E16DEB3}" /* ofxToggle.h */ = {isa = PBXFileReference; explicitFileType = sourcecode.c.h; fileEncoding = 4; name = ofxToggle.h; path = ../../../addons/ofxGui/src/ofxToggle.h; sourceTree = SOURCE_ROOT; };
		"{402B7DA3-3185-47D0-949D-1FE96A495ACC}" /* ofxToggle.cpp */ = {isa = PBXFileReference; explicitFileType = sourcecode.cpp.cpp; fileEncoding = 4; name = ofxToggle.cpp; path = ../../../addons/ofxGui/src/ofxToggle.cpp; sourceTree = SOURCE_ROOT; };
		"{43C98FF9-7D40-4779-B5E2-89BD9D055A50}" /* OscPacketListener.h */ = {isa = PBXFileReference; explicitFileType = sourcecode.c.h; fileEncoding = 4; name = OscPacketListener.h; path = ../../../addons/ofxOsc/libs/oscpack/src/osc/OscPacketListener.h; sourceTree = SOURCE_ROOT; };
		"{480281DE-FC44-4EBB-BDB1-D341CC0BA5B6}" /* OscOutboundPacketStream.h */ = {isa = PBXFileReference; explicitFileType = sourcecode.c.h; fileEncoding = 4; name = OscOutboundPacketStream.h; path = ../../../addons/ofxOsc/libs/oscpack/src/osc/OscOutboundPacketStream.h; sourceTree = SOURCE_ROOT; };
		"{4836C9CE-4225-4E8C-AB9E-268DF9A0ECBA}" /* ofxOscMessage.cpp */ = {isa = PBXFileReference; explicitFileType = sourcecode.cpp.cpp; fileEncoding = 4; name = ofxOscMessage.cpp; path = ../../../addons/ofxOsc/src/ofxOscMessage.cpp; sourceTree = SOURCE_ROOT; };
		"{5228EA29-63E4-4C22-9909-5136CECEB5FE}" /* NetworkingUtils.cpp */ = {isa = PBXFileReference; explicitFileType = sourcecode.cpp.cpp; fileEncoding = 4; name = NetworkingUtils.cpp; path = ../../../addons/ofxOsc/libs/oscpack/src/ip/posix/NetworkingUtils.cpp; sourceTree = SOURCE_ROOT; };
		"{5248DE3C-AE39-4AA0-ADEE-DC91617496D4}" /* hand.mm */ = {isa = PBXFileReference; explicitFileType = sourcecode.cpp.objcpp; fileEncoding = 4; name = hand.mm; path = src/hand.mm; sourceTree = SOURCE_ROOT; };
		"{54DD8B2C-C8A4-4CA7-B99F-F8622E73E0AB}" /* UdpSocket.cpp */ = {isa = PBXFileReference; explicitFileType = sourcecode.cpp.cpp; fileEncoding = 4; name = UdpSocket.cpp; path = ../../../addons/ofxOsc/libs/oscpack/src/ip/posix/UdpSocket.cpp; sourceTree = SOURCE_ROOT; };
		"{58D3CF34-3093-484B-9C13-C54C598F7678}" /* ofxOscReceiver.cpp */ = {isa = PBXFileReference; explicitFileType = sourcecode.cpp.cpp; fileEncoding = 4; name = ofxOscReceiver.cpp; path = ../../../addons/ofxOsc/src/ofxOscReceiver.cpp; sourceTree = SOURCE_ROOT; };
		"{5A537DBB-4DF3-4EC5-89B1-C05DF040FBED}" /* IpEndpointName.h */ = {isa = PBXFileReference; explicitFileType = sourcecode.c.h; fileEncoding = 4; name = IpEndpointName.h; path = ../../../addons/ofxOsc/libs/oscpack/src/ip/IpEndpointName.h; sourceTree = SOURCE_ROOT; };
		"{64D98BCC-9E9C-43A3-B740-3A00202D25CF}" /* OscOutboundPacketStream.cpp */ = {isa = PBXFileReference; explicitFileType = sourcecode.cpp.cpp; fileEncoding = 4; name = OscOutboundPacketStream.cpp; path = ../../../addons/ofxOsc/libs/oscpack/src/osc/OscOutboundPacketStream.cpp; sourceTree = SOURCE_ROOT; };
		"{66EBBAA8-5B6B-4531-BC76-CE76842FD6B4}" /* OscReceivedElements.cpp */ = {isa = PBXFileReference; explicitFileType = sourcecode.cpp.cpp; fileEncoding = 4; name = OscReceivedElements.cpp; path = ../../../addons/ofxOsc/libs/oscpack/src/osc/OscReceivedElements.cpp; sourceTree = SOURCE_ROOT; };
		"{68ED148A-4D40-4787-B736-53282B10B41B}" /* ofxSliderGroup.h */ = {isa = PBXFileReference; explicitFileType = sourcecode.c.h; fileEncoding = 4; name = ofxSliderGroup.h; path = ../../../addons/ofxGui/src/ofxSliderGroup.h; sourceTree = SOURCE_ROOT; };
		"{7477AA03-5333-4C57-BDF9-873DC04F9564}" /* UdpSocket.h */ = {isa = PBXFileReference; explicitFileType = sourcecode.c.h; fileEncoding = 4; name = UdpSocket.h; path = ../../../addons/ofxOsc/libs/oscpack/src/ip/UdpSocket.h; sourceTree = SOURCE_ROOT; };
		"{7D985E90-5039-4AA6-ACC5-BC417AE5DEA7}" /* ofxOscReceiver.h */ = {isa = PBXFileReference; explicitFileType = sourcecode.c.h; fileEncoding = 4; name = ofxOscReceiver.h; path = ../../../addons/ofxOsc/src/ofxOscReceiver.h; sourceTree = SOURCE_ROOT; };
		"{7F9C1120-5DDC-48BE-8CC9-0119F7D1A36B}" /* ofxColorPicker.h */ = {isa = PBXFileReference; explicitFileType = sourcecode.c.h; fileEncoding = 4; name = ofxColorPicker.h; path = ../../../addons/ofxGui/src/ofxColorPicker.h; sourceTree = SOURCE_ROOT; };
		"{90ED5C7A-F9B7-4846-9006-0C075B03EDD3}" /* animal.h */ = {isa = PBXFileReference; explicitFileType = sourcecode.cpp.objcpp; fileEncoding = 4; name = animal.h; path = src/animal.h; sourceTree = SOURCE_ROOT; };
		"{91144A62-E8CB-4ACF-8B4F-C9EB73E7E36B}" /* ofxOsc.h */ = {isa = PBXFileReference; explicitFileType = sourcecode.c.h; fileEncoding = 4; name = ofxOsc.h; path = ../../../addons/ofxOsc/src/ofxOsc.h; sourceTree = SOURCE_ROOT; };
		"{91CD3ACB-1660-40B4-ABE7-7EE63734768C}" /* OscPrintReceivedElements.h */ = {isa = PBXFileReference; explicitFileType = sourcecode.c.h; fileEncoding = 4; name = OscPrintReceivedElements.h; path = ../../../addons/ofxOsc/libs/oscpack/src/osc/OscPrintReceivedElements.h; sourceTree = SOURCE_ROOT; };
		"{964C2F94-7D65-4ECA-A5BD-6E01E28E09F5}" /* ofxGuiGroup.h */ = {isa = PBXFileReference; explicitFileType = sourcecode.c.h; fileEncoding = 4; name = ofxGuiGroup.h; path = ../../../addons/ofxGui/src/ofxGuiGroup.h; sourceTree = SOURCE_ROOT; };
		"{98DBF74E-8EA6-49CF-BE72-62B626653CA3}" /* body.h */ = {isa = PBXFileReference; explicitFileType = sourcecode.cpp.objcpp; fileEncoding = 4; name = body.h; path = src/body.h; sourceTree = SOURCE_ROOT; };
		"{99AC63BC-9948-40DE-BDA4-A950ACD5FDD1}" /* ofxButton.cpp */ = {isa = PBXFileReference; explicitFileType = sourcecode.cpp.cpp; fileEncoding = 4; name = ofxButton.cpp; path = ../../../addons/ofxGui/src/ofxButton.cpp; sourceTree = SOURCE_ROOT; };
		"{9B220BF3-D862-4477-B737-8513E3780744}" /* OscTypes.h */ = {isa = PBXFileReference; explicitFileType = sourcecode.c.h; fileEncoding = 4; name = OscTypes.h; path = ../../../addons/ofxOsc/libs/oscpack/src/osc/OscTypes.h; sourceTree = SOURCE_ROOT; };
		"{9E917679-12ED-4041-8143-FC139962788C}" /* ofxInputField.cpp */ = {isa = PBXFileReference; explicitFileType = sourcecode.cpp.cpp; fileEncoding = 4; name = ofxInputField.cpp; path = ../../../addons/ofxGui/src/ofxInputField.cpp; sourceTree = SOURCE_ROOT; };
		"{A074E832-E31B-4181-A762-4AE51B37BB03}" /* ofxOscArg.h */ = {isa = PBXFileReference; explicitFileType = sourcecode.c.h; fileEncoding = 4; name = ofxOscArg.h; path = ../../../addons/ofxOsc/src/ofxOscArg.h; sourceTree = SOURCE_ROOT; };
		"{A174C195-B1AA-4B8C-8F95-53827716DEAF}" /* OscReceivedElements.h */ = {isa = PBXFileReference; explicitFileType = sourcecode.c.h; fileEncoding = 4; name = OscReceivedElements.h; path = ../../../addons/ofxOsc/libs/oscpack/src/osc/OscReceivedElements.h; sourceTree = SOURCE_ROOT; };
		"{A3F675EC-E1A4-4397-96BA-A2B7DE89E96A}" /* ofxOscSender.h */ = {isa = PBXFileReference; explicitFileType = sourcecode.c.h; fileEncoding = 4; name = ofxOscSender.h; path = ../../../addons/ofxOsc/src/ofxOscSender.h; sourceTree = SOURCE_ROOT; };
		"{A8235E3B-33A7-406E-899A-88A58D9F124C}" /* ofxOscSender.cpp */ = {isa = PBXFileReference; explicitFileType = sourcecode.cpp.cpp; fileEncoding = 4; name = ofxOscSender.cpp; path = ../../../addons/ofxOsc/src/ofxOscSender.cpp; sourceTree = SOURCE_ROOT; };
		"{AD1654A7-A46D-432A-AF00-7113D9291217}" /* NetworkingUtils.h */ = {isa = PBXFileReference; explicitFileType = sourcecode.c.h; fileEncoding = 4; name = NetworkingUtils.h; path = ../../../addons/ofxOsc/libs/oscpack/src/ip/NetworkingUtils.h; sourceTree = SOURCE_ROOT; };
		"{ADA9285A-77F8-4334-9F24-6F20FE8EFC90}" /* body.mm */ = {isa = PBXFileReference; explicitFileType = sourcecode.cpp.objcpp; fileEncoding = 4; name = body.mm; path = src/body.mm; sourceTree = SOURCE_ROOT; };
		"{ADC72000-139A-485D-B8E4-99ED561AD62A}" /* ofxOscMessage.h */ = {isa = PBXFileReference; explicitFileType = sourcecode.c.h; fileEncoding = 4; name = ofxOscMessage.h; path = ../../../addons/ofxOsc/src/ofxOscMessage.h; sourceTree = SOURCE_ROOT; };
		"{AEC8BB16-0BA1-4F99-8A7C-B95A95C4994D}" /* ofxGui.h */ = {isa = PBXFileReference; explicitFileType = sourcecode.c.h; fileEncoding = 4; name = ofxGui.h; path = ../../../addons/ofxGui/src/ofxGui.h; sourceTree = SOURCE_ROOT; };
		"{AF2D478C-7216-4578-869D-14B93B4E21BE}" /* ofxPanel.cpp */ = {isa = PBXFileReference; explicitFileType = sourcecode.cpp.cpp; fileEncoding = 4; name = ofxPanel.cpp; path = ../../../addons/ofxGui/src/ofxPanel.cpp; sourceTree = SOURCE_ROOT; };
		"{B08D71B8-60A2-416D-A99C-D4A06E7ACDB8}" /* TimerListener.h */ = {isa = PBXFileReference; explicitFileType = sourcecode.c.h; fileEncoding = 4; name = TimerListener.h; path = ../../../addons/ofxOsc/libs/oscpack/src/ip/TimerListener.h; sourceTree = SOURCE_ROOT; };
		"{B463D1E7-9CA8-4814-A59F-7C28403F8FC3}" /* animal.mm */ = {isa = PBXFileReference; explicitFileType = sourcecode.cpp.objcpp; fileEncoding = 4; name = animal.mm; path = src/animal.mm; sourceTree = SOURCE_ROOT; };
		"{BBFD7CAA-605A-456C-9C77-CDC2FC994768}" /* ofxBaseGui.h */ = {isa = PBXFileReference; explicitFileType = sourcecode.c.h; fileEncoding = 4; name = ofxBaseGui.h; path = ../../../addons/ofxGui/src/ofxBaseGui.h; sourceTree = SOURCE_ROOT; };
		"{BC69E8D6-7AD7-4B40-9B9E-C4E5DD52E9C2}" /* OscHostEndianness.h */ = {isa = PBXFileReference; explicitFileType = sourcecode.c.h; fileEncoding = 4; name = OscHostEndianness.h; path = ../../../addons/ofxOsc/libs/oscpack/src/osc/OscHostEndianness.h; sourceTree = SOURCE_ROOT; };
		"{C07FA768-19F2-4491-B3EB-28BB5E8650A2}" /* constants.h */ = {isa = PBXFileReference; explicitFileType = sourcecode.cpp.objcpp; fileEncoding = 4; name = constants.h; path = src/constants.h; sourceTree = SOURCE_ROOT; };
		"{C10F07CD-1F57-4656-A5DA-C4C947E8878C}" /* ofxSlider.h */ = {isa = PBXFileReference; explicitFileType = sourcecode.c.h; fileEncoding = 4; name = ofxSlider.h; path = ../../../addons/ofxGui/src/ofxSlider.h; sourceTree = SOURCE_ROOT; };
		"{C13C40FC-C878-420D-9543-D90180881D1A}" /* OscTypes.cpp */ = {isa = PBXFileReference; explicitFileType = sourcecode.cpp.cpp; fileEncoding = 4; name = OscTypes.cpp; path = ../../../addons/ofxOsc/libs/oscpack/src/osc/OscTypes.cpp; sourceTree = SOURCE_ROOT; };
		"{C25835EF-7DB5-4393-94E8-0765CF934929}" /* face.h */ = {isa = PBXFileReference; explicitFileType = sourcecode.cpp.objcpp; fileEncoding = 4; name = face.h; path = src/face.h; sourceTree = SOURCE_ROOT; };
		"{C8FAAF93-8C5C-40AD-9E22-7DC8C5FE8628}" /* OscException.h */ = {isa = PBXFileReference; explicitFileType = sourcecode.c.h; fileEncoding = 4; name = OscException.h; path = ../../../addons/ofxOsc/libs/oscpack/src/osc/OscException.h; sourceTree = SOURCE_ROOT; };
		"{D1D2C31F-0A6D-48A1-B84A-8AAF32F4559E}" /* ofxPanel.h */ = {isa = PBXFileReference; explicitFileType = sourcecode.c.h; fileEncoding = 4; name = ofxPanel.h; path = ../../../addons/ofxGui/src/ofxPanel.h; sourceTree = SOURCE_ROOT; };
		"{E1B965BB-AA4D-463C-8413-99B3E21BFCC4}" /* ofxInputField.h */ = {isa = PBXFileReference; explicitFileType = sourcecode.c.h; fileEncoding = 4; name = ofxInputField.h; path = ../../../addons/ofxGui/src/ofxInputField.h; sourceTree = SOURCE_ROOT; };
		"{E44845C6-C905-464B-87C5-472B30A50993}" /* face.mm */ = {isa = PBXFileReference; explicitFileType = sourcecode.cpp.objcpp; fileEncoding = 4; name = face.mm; path = src/face.mm; sourceTree = SOURCE_ROOT; };
		"{F25435C7-A241-41A6-B9B8-02DBE58091CF}" /* ofxGuiUtils.h */ = {isa = PBXFileReference; explicitFileType = sourcecode.c.h; fileEncoding = 4; name = ofxGuiUtils.h; path = ../../../addons/ofxGui/src/ofxGuiUtils.h; sourceTree = SOURCE_ROOT; };
		"{FB15F362-58DF-4BEA-B57F-D82234DAACC0}" /* text.h */ = {isa = PBXFileReference; explicitFileType = sourcecode.cpp.objcpp; fileEncoding = 4; name = text.h; path = src/text.h; sourceTree = SOURCE_ROOT; };
		"{FD41C204-3BFA-46A8-AD8F-8FFB95112342}" /* ofxGuiGroup.cpp */ = {isa = PBXFileReference; explicitFileType = sourcecode.cpp.cpp; fileEncoding = 4; name = ofxGuiGroup.cpp; path = ../../../addons/ofxGui/src/ofxGuiGroup.cpp; sourceTree = SOURCE_ROOT; };
		"{FF10BF35-DB10-4323-A605-7BD61C0B0CC8}" /* MessageMappingOscPacketListener.h */ = {isa = PBXFileReference; explicitFileType = sourcecode.c.h; fileEncoding = 4; name = MessageMappingOscPacketListener.h; path = ../../../addons/ofxOsc/libs/oscpack/src/osc/MessageMappingOscPacketListener.h; sourceTree = SOURCE_ROOT; };
/* End PBXFileReference section */

/* Begin PBXFrameworksBuildPhase section */
		E4B69B590A3A1756003C02F2 /* Frameworks */ = {
			isa = PBXFrameworksBuildPhase;
			buildActionMask = 2147483647;
			files = (
				E21C415729D08E98007424E6 /* AVKit.framework in Frameworks */,
				E21C415529D08E71007424E6 /* AVFoundation.framework in Frameworks */,
				E21C415929D08E9C007424E6 /* CoreML.framework in Frameworks */,
				E21C415D29D08EA7007424E6 /* Vision.framework in Frameworks */,
				E21C415B29D08EA2007424E6 /* Foundation.framework in Frameworks */,
			);
			runOnlyForDeploymentPostprocessing = 0;
		};
/* End PBXFrameworksBuildPhase section */

/* Begin PBXGroup section */
		6948EE371B920CB800B5AC1A /* local_addons */ = {
			isa = PBXGroup;
			children = (
			);
			name = local_addons;
			sourceTree = "<group>";
		};
		BB4B014C10F69532006C3DED /* addons */ = {
			isa = PBXGroup;
			children = (
				"{EF0E6D96-0D3F-4745-A67E-455F425EBCB0}" /* ofxGui */,
				"{210E4300-5E8D-4AEA-B980-52DA754B5FA1}" /* ofxOsc */,
			);
			name = addons;
			sourceTree = "<group>";
		};
		E21C415329D08E71007424E6 /* Frameworks */ = {
			isa = PBXGroup;
			children = (
				E21C415C29D08EA7007424E6 /* Vision.framework */,
				E21C415A29D08EA2007424E6 /* Foundation.framework */,
				E21C415829D08E9C007424E6 /* CoreML.framework */,
				E21C415629D08E98007424E6 /* AVKit.framework */,
				E21C415429D08E71007424E6 /* AVFoundation.framework */,
			);
			name = Frameworks;
			sourceTree = "<group>";
		};
		E42962AA2163EDD300A6A9E2 /* openFrameworks */ = {
			isa = PBXGroup;
			children = (
				E42962AB2163EDD300A6A9E2 /* 3d */,
				E42962E72163EDD300A6A9E2 /* app */,
				E42963402163EDD300A6A9E2 /* communication */,
				E42963452163EDD300A6A9E2 /* events */,
				E42963252163EDD300A6A9E2 /* gl */,
				E429634A2163EDD300A6A9E2 /* graphics */,
				E42963132163EDD300A6A9E2 /* math */,
				E42962F92163EDD300A6A9E2 /* ofMain.h */,
				E42963642163EDD300A6A9E2 /* sound */,
				E42962DA2163EDD300A6A9E2 /* types */,
				E42962FA2163EDD300A6A9E2 /* utils */,
				E42962B82163EDD300A6A9E2 /* video */,
			);
			name = openFrameworks;
			path = ../../../libs/openFrameworks;
			sourceTree = "<group>";
		};
		E42962AB2163EDD300A6A9E2 /* 3d */ = {
			isa = PBXGroup;
			children = (
				E42962B02163EDD300A6A9E2 /* of3dPrimitives.cpp */,
				E42962B62163EDD300A6A9E2 /* of3dPrimitives.h */,
				E42962B52163EDD300A6A9E2 /* of3dUtils.cpp */,
				E42962B12163EDD300A6A9E2 /* of3dUtils.h */,
				E42962AC2163EDD300A6A9E2 /* ofCamera.cpp */,
				E42962B32163EDD300A6A9E2 /* ofCamera.h */,
				E42962B22163EDD300A6A9E2 /* ofEasyCam.cpp */,
				E42962B72163EDD300A6A9E2 /* ofEasyCam.h */,
				E42962AD2163EDD300A6A9E2 /* ofMesh.h */,
				E42962B42163EDD300A6A9E2 /* ofMesh.inl */,
				E42962AF2163EDD300A6A9E2 /* ofNode.cpp */,
				E42962AE2163EDD300A6A9E2 /* ofNode.h */,
			);
			name = 3d;
			path = ../../../libs/openFrameworks/3d;
			sourceTree = SOURCE_ROOT;
		};
		E42962B82163EDD300A6A9E2 /* video */ = {
			isa = PBXGroup;
			children = (
				E42962BA2163EDD300A6A9E2 /* ofAVFoundationGrabber.h */,
				E42962C22163EDD300A6A9E2 /* ofAVFoundationGrabber.mm */,
				E42962BC2163EDD300A6A9E2 /* ofAVFoundationPlayer.h */,
				E42962CE2163EDD300A6A9E2 /* ofAVFoundationPlayer.mm */,
				E42962C12163EDD300A6A9E2 /* ofAVFoundationVideoPlayer.h */,
				E42962D72163EDD300A6A9E2 /* ofAVFoundationVideoPlayer.m */,
				E42962D92163EDD300A6A9E2 /* ofVideoBaseTypes.h */,
				E42962D02163EDD300A6A9E2 /* ofVideoGrabber.cpp */,
				E42962CA2163EDD300A6A9E2 /* ofVideoGrabber.h */,
				E42962C42163EDD300A6A9E2 /* ofVideoPlayer.cpp */,
				E42962BB2163EDD300A6A9E2 /* ofVideoPlayer.h */,
			);
			name = video;
			path = ../../../libs/openFrameworks/video;
			sourceTree = SOURCE_ROOT;
		};
		E42962DA2163EDD300A6A9E2 /* types */ = {
			isa = PBXGroup;
			children = (
				E42962E12163EDD300A6A9E2 /* ofBaseTypes.cpp */,
				E42962E62163EDD300A6A9E2 /* ofBaseTypes.h */,
				E42962E42163EDD300A6A9E2 /* ofColor.cpp */,
				E42962DC2163EDD300A6A9E2 /* ofColor.h */,
				E42962E52163EDD300A6A9E2 /* ofParameter.cpp */,
				E42962E32163EDD300A6A9E2 /* ofParameter.h */,
				E42962E22163EDD300A6A9E2 /* ofParameterGroup.cpp */,
				E42962DB2163EDD300A6A9E2 /* ofParameterGroup.h */,
				E42962DE2163EDD300A6A9E2 /* ofPoint.h */,
				E42962DD2163EDD300A6A9E2 /* ofRectangle.cpp */,
				E42962E02163EDD300A6A9E2 /* ofRectangle.h */,
				E42962DF2163EDD300A6A9E2 /* ofTypes.h */,
			);
			name = types;
			path = ../../../libs/openFrameworks/types;
			sourceTree = SOURCE_ROOT;
		};
		E42962E72163EDD300A6A9E2 /* app */ = {
			isa = PBXGroup;
			children = (
				E42962ED2163EDD300A6A9E2 /* ofAppBaseWindow.h */,
				E42962EC2163EDD300A6A9E2 /* ofAppEGLWindow.cpp */,
				E42962F12163EDD300A6A9E2 /* ofAppEGLWindow.h */,
				E42962F52163EDD300A6A9E2 /* ofAppGLFWWindow.cpp */,
				E42962F82163EDD300A6A9E2 /* ofAppGLFWWindow.h */,
				E42962EA2163EDD300A6A9E2 /* ofAppGlutWindow.cpp */,
				E42962F62163EDD300A6A9E2 /* ofAppGlutWindow.h */,
				E42962F42163EDD300A6A9E2 /* ofAppNoWindow.cpp */,
				E42962EF2163EDD300A6A9E2 /* ofAppNoWindow.h */,
				E42962F72163EDD300A6A9E2 /* ofAppRunner.cpp */,
				E42962F32163EDD300A6A9E2 /* ofAppRunner.h */,
				E42962E92163EDD300A6A9E2 /* ofBaseApp.cpp */,
				E42962F02163EDD300A6A9E2 /* ofBaseApp.h */,
				E42962EE2163EDD300A6A9E2 /* ofIcon.h */,
				E42962F22163EDD300A6A9E2 /* ofMainLoop.cpp */,
				E42962E82163EDD300A6A9E2 /* ofMainLoop.h */,
				E42962EB2163EDD300A6A9E2 /* ofWindowSettings.h */,
			);
			name = app;
			path = ../../../libs/openFrameworks/app;
			sourceTree = SOURCE_ROOT;
		};
		E42962FA2163EDD300A6A9E2 /* utils */ = {
			isa = PBXGroup;
			children = (
				E42962FF2163EDD300A6A9E2 /* ofConstants.h */,
				E429630D2163EDD300A6A9E2 /* ofFileUtils.cpp */,
				E42963092163EDD300A6A9E2 /* ofFileUtils.h */,
				E42962FD2163EDD300A6A9E2 /* ofFpsCounter.cpp */,
				E42963012163EDD300A6A9E2 /* ofFpsCounter.h */,
				E429630C2163EDD300A6A9E2 /* ofJson.h */,
				E42963072163EDD300A6A9E2 /* ofLog.cpp */,
				E42963022163EDD300A6A9E2 /* ofLog.h */,
				E429630E2163EDD300A6A9E2 /* ofMatrixStack.cpp */,
				E42963112163EDD300A6A9E2 /* ofMatrixStack.h */,
				E42963062163EDD300A6A9E2 /* ofNoise.h */,
				E42963042163EDD300A6A9E2 /* ofSystemUtils.cpp */,
				E42963032163EDD300A6A9E2 /* ofSystemUtils.h */,
				E42962FC2163EDD300A6A9E2 /* ofThread.cpp */,
				E429630A2163EDD300A6A9E2 /* ofThread.h */,
				E42962FB2163EDD300A6A9E2 /* ofThreadChannel.h */,
				E42963082163EDD300A6A9E2 /* ofTimer.cpp */,
				E42963122163EDD300A6A9E2 /* ofTimer.h */,
				E42962FE2163EDD300A6A9E2 /* ofURLFileLoader.cpp */,
				E429630B2163EDD300A6A9E2 /* ofURLFileLoader.h */,
				E429630F2163EDD300A6A9E2 /* ofUtils.cpp */,
				E42963052163EDD300A6A9E2 /* ofUtils.h */,
				E42963102163EDD300A6A9E2 /* ofXml.cpp */,
				E42963002163EDD300A6A9E2 /* ofXml.h */,
			);
			name = utils;
			path = ../../../libs/openFrameworks/utils;
			sourceTree = SOURCE_ROOT;
		};
		E42963132163EDD300A6A9E2 /* math */ = {
			isa = PBXGroup;
			children = (
				E42963172163EDD300A6A9E2 /* ofMath.cpp */,
				E429631C2163EDD300A6A9E2 /* ofMath.h */,
				E42963182163EDD300A6A9E2 /* ofMathConstants.h */,
				E429631B2163EDD300A6A9E2 /* ofMatrix3x3.cpp */,
				E42963222163EDD300A6A9E2 /* ofMatrix3x3.h */,
				E42963212163EDD300A6A9E2 /* ofMatrix4x4.cpp */,
				E42963192163EDD300A6A9E2 /* ofMatrix4x4.h */,
				E429631F2163EDD300A6A9E2 /* ofQuaternion.cpp */,
				E429631D2163EDD300A6A9E2 /* ofQuaternion.h */,
				E42963142163EDD300A6A9E2 /* ofVec2f.cpp */,
				E42963202163EDD300A6A9E2 /* ofVec2f.h */,
				E429631A2163EDD300A6A9E2 /* ofVec3f.h */,
				E42963152163EDD300A6A9E2 /* ofVec4f.cpp */,
				E42963162163EDD300A6A9E2 /* ofVec4f.h */,
				E429631E2163EDD300A6A9E2 /* ofVectorMath.h */,
			);
			name = math;
			path = ../../../libs/openFrameworks/math;
			sourceTree = SOURCE_ROOT;
		};
		E42963252163EDD300A6A9E2 /* gl */ = {
			isa = PBXGroup;
			children = (
				E429632E2163EDD300A6A9E2 /* ofBufferObject.cpp */,
				E42963332163EDD300A6A9E2 /* ofBufferObject.h */,
				2E49891E292C98D80096EC56 /* ofCubeMap.cpp */,
				2E49891D292C98D80096EC56 /* ofCubeMap.h */,
				2E49891F292C98D80096EC56 /* ofCubeMapShaders.h */,
				E429632A2163EDD300A6A9E2 /* ofFbo.cpp */,
				E42963382163EDD300A6A9E2 /* ofFbo.h */,
				E42963392163EDD300A6A9E2 /* ofGLBaseTypes.h */,
				E42963342163EDD300A6A9E2 /* ofGLProgrammableRenderer.cpp */,
				E429633B2163EDD300A6A9E2 /* ofGLProgrammableRenderer.h */,
				E429633E2163EDD300A6A9E2 /* ofGLRenderer.cpp */,
				E429633F2163EDD300A6A9E2 /* ofGLRenderer.h */,
				E42963302163EDD300A6A9E2 /* ofGLUtils.cpp */,
				E429633D2163EDD300A6A9E2 /* ofGLUtils.h */,
				E42963322163EDD300A6A9E2 /* ofLight.cpp */,
				E429632B2163EDD300A6A9E2 /* ofLight.h */,
				2E4D30BE28F5B7330074D450 /* ofShadow.cpp */,
				2E4D30BD28F5B7330074D450 /* ofShadow.h */,
				E42963292163EDD300A6A9E2 /* ofMaterial.cpp */,
				E429632C2163EDD300A6A9E2 /* ofMaterial.h */,
				E429632D2163EDD300A6A9E2 /* ofShader.cpp */,
				E42963282163EDD300A6A9E2 /* ofShader.h */,
				E429633C2163EDD300A6A9E2 /* ofTexture.cpp */,
				E42963272163EDD300A6A9E2 /* ofTexture.h */,
				E429633A2163EDD300A6A9E2 /* ofVbo.cpp */,
				E42963312163EDD300A6A9E2 /* ofVbo.h */,
				E429632F2163EDD300A6A9E2 /* ofVboMesh.cpp */,
				E42963262163EDD300A6A9E2 /* ofVboMesh.h */,
			);
			name = gl;
			path = ../../../libs/openFrameworks/gl;
			sourceTree = SOURCE_ROOT;
		};
		E42963402163EDD300A6A9E2 /* communication */ = {
			isa = PBXGroup;
			children = (
				E42963442163EDD300A6A9E2 /* ofArduino.cpp */,
				E42963412163EDD300A6A9E2 /* ofArduino.h */,
				E42963422163EDD300A6A9E2 /* ofSerial.cpp */,
				E42963432163EDD300A6A9E2 /* ofSerial.h */,
			);
			name = communication;
			path = ../../../libs/openFrameworks/communication;
			sourceTree = SOURCE_ROOT;
		};
		E42963452163EDD300A6A9E2 /* events */ = {
			isa = PBXGroup;
			children = (
				E42963472163EDD300A6A9E2 /* ofEvent.h */,
				E42963492163EDD300A6A9E2 /* ofEvents.cpp */,
				E42963482163EDD300A6A9E2 /* ofEvents.h */,
				E42963462163EDD300A6A9E2 /* ofEventUtils.h */,
			);
			name = events;
			path = ../../../libs/openFrameworks/events;
			sourceTree = SOURCE_ROOT;
		};
		E429634A2163EDD300A6A9E2 /* graphics */ = {
			isa = PBXGroup;
			children = (
				E42963582163EDD300A6A9E2 /* of3dGraphics.cpp */,
				E42963622163EDD300A6A9E2 /* of3dGraphics.h */,
				E429634D2163EDD300A6A9E2 /* ofBitmapFont.cpp */,
				E429635C2163EDD300A6A9E2 /* ofBitmapFont.h */,
				E42963532163EDD300A6A9E2 /* ofCairoRenderer.cpp */,
				E429635B2163EDD300A6A9E2 /* ofCairoRenderer.h */,
				E42963502163EDD300A6A9E2 /* ofGraphics.cpp */,
				E429635F2163EDD300A6A9E2 /* ofGraphics.h */,
				E42963522163EDD300A6A9E2 /* ofGraphicsBaseTypes.cpp */,
				E429634B2163EDD300A6A9E2 /* ofGraphicsBaseTypes.h */,
				192E680F28E4D63A006F5C79 /* ofGraphicsCairo.cpp */,
				19451A8D28FF1A91008227CC /* ofGraphicsCairo.h */,
				E42963602163EDD300A6A9E2 /* ofGraphicsConstants.h */,
				E42963612163EDD300A6A9E2 /* ofImage.cpp */,
				E42963592163EDD300A6A9E2 /* ofImage.h */,
				E42963552163EDD300A6A9E2 /* ofPath.cpp */,
				E429634C2163EDD300A6A9E2 /* ofPath.h */,
				E42963562163EDD300A6A9E2 /* ofPixels.cpp */,
				E429635A2163EDD300A6A9E2 /* ofPixels.h */,
				E42963512163EDD300A6A9E2 /* ofPolyline.h */,
				E42963572163EDD300A6A9E2 /* ofPolyline.inl */,
				E42963542163EDD300A6A9E2 /* ofRendererCollection.cpp */,
				E429635E2163EDD300A6A9E2 /* ofRendererCollection.h */,
				E429634F2163EDD300A6A9E2 /* ofTessellator.cpp */,
				E42963632163EDD300A6A9E2 /* ofTessellator.h */,
				E429635D2163EDD300A6A9E2 /* ofTrueTypeFont.cpp */,
				E429634E2163EDD300A6A9E2 /* ofTrueTypeFont.h */,
			);
			name = graphics;
			path = ../../../libs/openFrameworks/graphics;
			sourceTree = SOURCE_ROOT;
		};
		E42963642163EDD300A6A9E2 /* sound */ = {
			isa = PBXGroup;
			children = (
				E429636A2163EDD300A6A9E2 /* ofFmodSoundPlayer.cpp */,
				E42963712163EDD300A6A9E2 /* ofFmodSoundPlayer.h */,
				E429636C2163EDD300A6A9E2 /* ofOpenALSoundPlayer.cpp */,
				E42963682163EDD300A6A9E2 /* ofOpenALSoundPlayer.h */,
				E42963692163EDD300A6A9E2 /* ofRtAudioSoundStream.cpp */,
				E429636E2163EDD300A6A9E2 /* ofRtAudioSoundStream.h */,
				E429636B2163EDD300A6A9E2 /* ofSoundBaseTypes.cpp */,
				E42963732163EDD300A6A9E2 /* ofSoundBaseTypes.h */,
				E42963722163EDD300A6A9E2 /* ofSoundBuffer.cpp */,
				E42963702163EDD300A6A9E2 /* ofSoundBuffer.h */,
				E429636D2163EDD300A6A9E2 /* ofSoundPlayer.cpp */,
				E42963672163EDD300A6A9E2 /* ofSoundPlayer.h */,
				E42963652163EDD300A6A9E2 /* ofSoundStream.cpp */,
				E42963662163EDD300A6A9E2 /* ofSoundStream.h */,
				E429636F2163EDD300A6A9E2 /* ofSoundUtils.h */,
			);
			name = sound;
			path = ../../../libs/openFrameworks/sound;
			sourceTree = SOURCE_ROOT;
		};
		E4B69B4A0A3A1720003C02F2 = {
			isa = PBXGroup;
			children = (
				191CD6FA2847E21E0085CBB6 /* of.entitlements */,
				E4B6FCAD0C3E899E008CF71C /* openFrameworks-Info.plist */,
				E4EB6923138AFD0F00A09F29 /* Project.xcconfig */,
				E4B69E1C0A3A1BDC003C02F2 /* src */,
				E42962AA2163EDD300A6A9E2 /* openFrameworks */,
				BB4B014C10F69532006C3DED /* addons */,
				6948EE371B920CB800B5AC1A /* local_addons */,
				E4B69B5B0A3A1756003C02F2 /* VisionOSCDebug.app */,
				E21C415329D08E71007424E6 /* Frameworks */,
			);
			sourceTree = "<group>";
		};
		E4B69E1C0A3A1BDC003C02F2 /* src */ = {
			isa = PBXGroup;
			children = (
				E4B69E1D0A3A1BDC003C02F2 /* main.cpp */,
				E4B69E1E0A3A1BDC003C02F2 /* ofApp.cpp */,
				E4B69E1F0A3A1BDC003C02F2 /* ofApp.h */,
				"{3D185C3E-63C7-4134-935B-C9ACF30625AB}" /* text.mm */,
				"{FB15F362-58DF-4BEA-B57F-D82234DAACC0}" /* text.h */,
				"{98DBF74E-8EA6-49CF-BE72-62B626653CA3}" /* body.h */,
				"{36636A9B-8D46-4A71-95D8-60B3D80B2949}" /* hand.h */,
				"{C25835EF-7DB5-4393-94E8-0765CF934929}" /* face.h */,
				"{E44845C6-C905-464B-87C5-472B30A50993}" /* face.mm */,
				"{5248DE3C-AE39-4AA0-ADEE-DC91617496D4}" /* hand.mm */,
				"{ADA9285A-77F8-4334-9F24-6F20FE8EFC90}" /* body.mm */,
				"{C07FA768-19F2-4491-B3EB-28BB5E8650A2}" /* constants.h */,
				"{90ED5C7A-F9B7-4846-9006-0C075B03EDD3}" /* animal.h */,
				"{B463D1E7-9CA8-4814-A59F-7C28403F8FC3}" /* animal.mm */,
			);
			path = src;
			sourceTree = SOURCE_ROOT;
		};
		"{0A0685BE-6E65-4040-8987-17BCC6B18686}" /* src */ = {
			isa = PBXGroup;
			children = (
				"{AB41D920-1E35-4EED-A7C0-A28A7AF28A9C}" /* ip */,
				"{1D10A275-E6F0-4F27-B083-036DE06A102F}" /* osc */,
			);
			name = src;
			sourceTree = SOURCE_ROOT;
		};
		"{1D10A275-E6F0-4F27-B083-036DE06A102F}" /* osc */ = {
			isa = PBXGroup;
			children = (
				"{FF10BF35-DB10-4323-A605-7BD61C0B0CC8}" /* MessageMappingOscPacketListener.h */,
				"{C8FAAF93-8C5C-40AD-9E22-7DC8C5FE8628}" /* OscException.h */,
				"{BC69E8D6-7AD7-4B40-9B9E-C4E5DD52E9C2}" /* OscHostEndianness.h */,
				"{64D98BCC-9E9C-43A3-B740-3A00202D25CF}" /* OscOutboundPacketStream.cpp */,
				"{480281DE-FC44-4EBB-BDB1-D341CC0BA5B6}" /* OscOutboundPacketStream.h */,
				"{43C98FF9-7D40-4779-B5E2-89BD9D055A50}" /* OscPacketListener.h */,
				"{37D9CB2F-9233-465D-BB2B-4CE29F2004DB}" /* OscPrintReceivedElements.cpp */,
				"{91CD3ACB-1660-40B4-ABE7-7EE63734768C}" /* OscPrintReceivedElements.h */,
				"{66EBBAA8-5B6B-4531-BC76-CE76842FD6B4}" /* OscReceivedElements.cpp */,
				"{A174C195-B1AA-4B8C-8F95-53827716DEAF}" /* OscReceivedElements.h */,
				"{C13C40FC-C878-420D-9543-D90180881D1A}" /* OscTypes.cpp */,
				"{9B220BF3-D862-4477-B737-8513E3780744}" /* OscTypes.h */,
			);
			name = osc;
			sourceTree = SOURCE_ROOT;
		};
		"{210E4300-5E8D-4AEA-B980-52DA754B5FA1}" /* ofxOsc */ = {
			isa = PBXGroup;
			children = (
				"{D180BCFE-CC02-4B88-B283-B39947DDCBAA}" /* libs */,
				"{C2BC2A1B-98D6-4E27-B039-1E641AD43099}" /* src */,
			);
			name = ofxOsc;
			sourceTree = SOURCE_ROOT;
		};
		"{3FFDB937-AD5B-4AE7-8C43-E304A76141F3}" /* oscpack */ = {
			isa = PBXGroup;
			children = (
				"{0A0685BE-6E65-4040-8987-17BCC6B18686}" /* src */,
			);
			name = oscpack;
			sourceTree = SOURCE_ROOT;
		};
		"{77F09FFE-37D9-489D-BCF5-FB672E97376D}" /* posix */ = {
			isa = PBXGroup;
			children = (
				"{5228EA29-63E4-4C22-9909-5136CECEB5FE}" /* NetworkingUtils.cpp */,
				"{54DD8B2C-C8A4-4CA7-B99F-F8622E73E0AB}" /* UdpSocket.cpp */,
			);
			name = posix;
			sourceTree = SOURCE_ROOT;
		};
		"{AB41D920-1E35-4EED-A7C0-A28A7AF28A9C}" /* ip */ = {
			isa = PBXGroup;
			children = (
				"{1F9DC3FE-E823-49B5-93CC-943C07A76813}" /* IpEndpointName.cpp */,
				"{5A537DBB-4DF3-4EC5-89B1-C05DF040FBED}" /* IpEndpointName.h */,
				"{AD1654A7-A46D-432A-AF00-7113D9291217}" /* NetworkingUtils.h */,
				"{1DAA7035-42CA-4486-9912-2CAF1633CB8A}" /* PacketListener.h */,
				"{B08D71B8-60A2-416D-A99C-D4A06E7ACDB8}" /* TimerListener.h */,
				"{7477AA03-5333-4C57-BDF9-873DC04F9564}" /* UdpSocket.h */,
				"{77F09FFE-37D9-489D-BCF5-FB672E97376D}" /* posix */,
			);
			name = ip;
			sourceTree = SOURCE_ROOT;
		};
		"{C2BC2A1B-98D6-4E27-B039-1E641AD43099}" /* src */ = {
			isa = PBXGroup;
			children = (
				"{91144A62-E8CB-4ACF-8B4F-C9EB73E7E36B}" /* ofxOsc.h */,
				"{A074E832-E31B-4181-A762-4AE51B37BB03}" /* ofxOscArg.h */,
				"{286D59FF-4957-4C11-9051-75BE9DDC93B2}" /* ofxOscBundle.cpp */,
				"{249A5DAD-BE43-4EA3-B3C6-07D62F98BBEF}" /* ofxOscBundle.h */,
				"{4836C9CE-4225-4E8C-AB9E-268DF9A0ECBA}" /* ofxOscMessage.cpp */,
				"{ADC72000-139A-485D-B8E4-99ED561AD62A}" /* ofxOscMessage.h */,
				"{1BB8C3C6-FE6A-4BE3-922D-4FDAFE2E583E}" /* ofxOscParameterSync.cpp */,
				"{171C017C-2DF4-40DB-BAD1-BD085D2C7364}" /* ofxOscParameterSync.h */,
				"{58D3CF34-3093-484B-9C13-C54C598F7678}" /* ofxOscReceiver.cpp */,
				"{7D985E90-5039-4AA6-ACC5-BC417AE5DEA7}" /* ofxOscReceiver.h */,
				"{A8235E3B-33A7-406E-899A-88A58D9F124C}" /* ofxOscSender.cpp */,
				"{A3F675EC-E1A4-4397-96BA-A2B7DE89E96A}" /* ofxOscSender.h */,
			);
			name = src;
			sourceTree = SOURCE_ROOT;
		};
		"{D180BCFE-CC02-4B88-B283-B39947DDCBAA}" /* libs */ = {
			isa = PBXGroup;
			children = (
				"{3FFDB937-AD5B-4AE7-8C43-E304A76141F3}" /* oscpack */,
			);
			name = libs;
			sourceTree = SOURCE_ROOT;
		};
		"{EF0E6D96-0D3F-4745-A67E-455F425EBCB0}" /* ofxGui */ = {
			isa = PBXGroup;
			children = (
				"{F7A31F59-1E32-4B8C-8465-5D8C5098908B}" /* src */,
			);
			name = ofxGui;
			sourceTree = SOURCE_ROOT;
		};
		"{F7A31F59-1E32-4B8C-8465-5D8C5098908B}" /* src */ = {
			isa = PBXGroup;
			children = (
				"{1E8783EE-AD09-484C-8640-3B7DA7150AB9}" /* ofxBaseGui.cpp */,
				"{BBFD7CAA-605A-456C-9C77-CDC2FC994768}" /* ofxBaseGui.h */,
				"{99AC63BC-9948-40DE-BDA4-A950ACD5FDD1}" /* ofxButton.cpp */,
				"{3BA4A35F-25F9-43B4-B831-7E96B3D036D0}" /* ofxButton.h */,
				"{2A626BCA-40FD-4DB2-AA97-B90812760335}" /* ofxColorPicker.cpp */,
				"{7F9C1120-5DDC-48BE-8CC9-0119F7D1A36B}" /* ofxColorPicker.h */,
				"{AEC8BB16-0BA1-4F99-8A7C-B95A95C4994D}" /* ofxGui.h */,
				"{FD41C204-3BFA-46A8-AD8F-8FFB95112342}" /* ofxGuiGroup.cpp */,
				"{964C2F94-7D65-4ECA-A5BD-6E01E28E09F5}" /* ofxGuiGroup.h */,
				"{F25435C7-A241-41A6-B9B8-02DBE58091CF}" /* ofxGuiUtils.h */,
				"{9E917679-12ED-4041-8143-FC139962788C}" /* ofxInputField.cpp */,
				"{E1B965BB-AA4D-463C-8413-99B3E21BFCC4}" /* ofxInputField.h */,
				"{073A1885-665B-429A-8E0E-DD45FA270B4B}" /* ofxLabel.cpp */,
				"{2DD772FF-5CB4-4F9E-9B83-0DA4129EBA02}" /* ofxLabel.h */,
				"{AF2D478C-7216-4578-869D-14B93B4E21BE}" /* ofxPanel.cpp */,
				"{D1D2C31F-0A6D-48A1-B84A-8AAF32F4559E}" /* ofxPanel.h */,
				"{0E5E8530-6B11-4166-93E9-1CBC3555B07E}" /* ofxSlider.cpp */,
				"{C10F07CD-1F57-4656-A5DA-C4C947E8878C}" /* ofxSlider.h */,
				"{0D819893-0017-4EEC-A96B-DBCF1DDF3006}" /* ofxSliderGroup.cpp */,
				"{68ED148A-4D40-4787-B736-53282B10B41B}" /* ofxSliderGroup.h */,
				"{402B7DA3-3185-47D0-949D-1FE96A495ACC}" /* ofxToggle.cpp */,
				"{3F02E7CD-3735-44B0-9E15-59F72E16DEB3}" /* ofxToggle.h */,
			);
			name = src;
			sourceTree = SOURCE_ROOT;
		};
/* End PBXGroup section */

/* Begin PBXNativeTarget section */
		E4B69B5A0A3A1756003C02F2 /* VisionOSC */ = {
			isa = PBXNativeTarget;
			buildConfigurationList = E4B69B5F0A3A1757003C02F2 /* Build configuration list for PBXNativeTarget "VisionOSC" */;
			buildPhases = (
				E42962A92163ECCD00A6A9E2 /* Run Script — Compile OF */,
				E4B69B580A3A1756003C02F2 /* Sources */,
				E4B69B590A3A1756003C02F2 /* Frameworks */,
				E4B6FFFD0C3F9AB9008CF71C /* Run Script — Copy Resources */,
				E4C2427710CC5ABF004149E2 /* CopyFiles */,
				E4A5B60F29BAAAE400C2D356 /* CopyFiles */,
				8466F1851C04CA0E00918B1C /* Run Script — Bundle Data Folder */,
				19D6CF9228F07C000044A7EB /* Run Script — Code Sign */,
				E935D72329ADADAE00AC8EFD /* Run Script — Bundle dylibs */,
			);
			buildRules = (
			);
			dependencies = (
			);
			name = VisionOSC;
			productName = myOFApp;
			productReference = E4B69B5B0A3A1756003C02F2 /* VisionOSCDebug.app */;
			productType = "com.apple.product-type.application";
		};
/* End PBXNativeTarget section */

/* Begin PBXProject section */
		E4B69B4C0A3A1720003C02F2 /* Project object */ = {
			isa = PBXProject;
			attributes = {
				LastUpgradeCheck = 0600;
			};
			buildConfigurationList = E4B69B4D0A3A1720003C02F2 /* Build configuration list for PBXProject "VisionOSC" */;
			compatibilityVersion = "Xcode 3.2";
			developmentRegion = en;
			hasScannedForEncodings = 0;
			knownRegions = (
				en,
				Base,
			);
			mainGroup = E4B69B4A0A3A1720003C02F2;
			productRefGroup = E4B69B4A0A3A1720003C02F2;
			projectDirPath = "";
			projectRoot = "";
			targets = (
				E4B69B5A0A3A1756003C02F2 /* VisionOSC */,
			);
		};
/* End PBXProject section */

/* Begin PBXShellScriptBuildPhase section */
		19D6CF9228F07C000044A7EB /* Run Script — Code Sign */ = {
			isa = PBXShellScriptBuildPhase;
			alwaysOutOfDate = 1;
			buildActionMask = 2147483647;
			files = (
			);
			inputFileListPaths = (
			);
			inputPaths = (
			);
			name = "Run Script — Code Sign";
			outputFileListPaths = (
			);
			outputPaths = (
			);
			runOnlyForDeploymentPostprocessing = 0;
			shellPath = /bin/sh;
			shellScript = "\nif [ -z \"$OF_CODESIGN\" ] ; then\n\techo \"Codesign Disabled\";\n#echo \"Note: Not copying bin/data to App Package or doing App Code signing. Use AppStore target for AppStore distribution\";\nelse\n\techo \"Codesign Enabled\";\n\n\t# ---- Code Sign App Package ----\n\t# WARNING: You may have to run Clean in Xcode after changing CODE_SIGN_IDENTITY!\n\n\t# Verify that $CODE_SIGN_IDENTITY is set\n\tif [ -z \"${CODE_SIGN_IDENTITY}\" ] ; then\n\t\techo \"CODE_SIGN_IDENTITY needs to be set for framework code-signing\"\n\t\texit 0\n\tfi\n\n\tif [ -z \"${CODE_SIGN_ENTITLEMENTS}\" ] ; then\n\t\techo \"CODE_SIGN_ENTITLEMENTS needs to be set for framework code-signing!\"\n\n\t\tif [ \"${CONFIGURATION}\" = \"Release\" ] ; then\n\t\t\texit 1\n\t\telse\n\t\t\t# Code-signing is optional for non-release builds.\n\t\t\texit 0\n\t\tfi\n\tfi\n\n\tITEMS=\"\"\n\n\tFRAMEWORKS_DIR=\"${TARGET_BUILD_DIR}/${FRAMEWORKS_FOLDER_PATH}\"\n\techo \"$FRAMEWORKS_DIR\"\n\tif [ -d \"$FRAMEWORKS_DIR\" ] ; then\n\t\tFRAMEWORKS=$(find \"${FRAMEWORKS_DIR}\" -depth -type d -name \"*.framework\" -or -name \"*.dylib\" -or -name \"*.bundle\" | sed -e \"s/\\(.*framework\\)/\\1\\/Versions\\/A\\//\")\n\t\tRESULT=$?\n\t\tif [[ $RESULT != 0 ]] ; then\n\t\t\texit 1\n\t\tfi\n\n\t\tITEMS=\"${FRAMEWORKS}\"\n\tfi\n\n\tLOGINITEMS_DIR=\"${TARGET_BUILD_DIR}/${CONTENTS_FOLDER_PATH}/Library/LoginItems/\"\n\tif [ -d \"$LOGINITEMS_DIR\" ] ; then\n\t\tLOGINITEMS=$(find \"${LOGINITEMS_DIR}\" -depth -type d -name \"*.app\")\n\t\tRESULT=$?\n\t\tif [[ $RESULT != 0 ]] ; then\n\t\t\texit 1\n\t\tfi\n\n\t\tITEMS=\"${ITEMS}\"$'\\n'\"${LOGINITEMS}\"\n\tfi\n\n\t# Prefer the expanded name, if available.\n\tCODE_SIGN_IDENTITY_FOR_ITEMS=\"${EXPANDED_CODE_SIGN_IDENTITY_NAME}\"\n\tif [ \"${CODE_SIGN_IDENTITY_FOR_ITEMS}\" = \"\" ] ; then\n\t\t# Fall back to old behavior.\n\t\tCODE_SIGN_IDENTITY_FOR_ITEMS=\"${CODE_SIGN_IDENTITY}\"\n\tfi\n\n\techo \"Identity: ${CODE_SIGN_IDENTITY_FOR_ITEMS}\"\n\n\techo \"Entitlements: ${CODE_SIGN_ENTITLEMENTS}\"\n\n\techo \"Found: ${ITEMS}\"\n\n\t# Change the Internal Field Separator (IFS) so that spaces in paths will not cause problems below.\n\tSAVED_IFS=$IFS\n\tIFS=$(echo \"\\n\\b\")\n\n\t# Loop through all items.\n\tfor ITEM in ${ITEMS}\n\tdo\n\t\tif lipo -archs \"${ITEM}\" | grep -q 'i386'; then\n\t\t\techo \"Stripping invalid archs '${ITEM}'\"\n\t\t\tlipo -remove i386 \"${ITEM}\" -o \"${ITEM}\" \n\t\telse\n\t\t\techo \"No need to strip invalid archs '{$ITEM}'\"\n\t\tfi\n\n\t\techo \"Signing '${ITEM}'\"\n\t\tcodesign --force --verbose --sign \"${CODE_SIGN_IDENTITY_FOR_ITEMS}\" --entitlements \"${CODE_SIGN_ENTITLEMENTS}\" \"${ITEM}\"\n\t\tRESULT=$?\n\t\tif [[ $RESULT != 0 ]] ; then\n\t\t\techo \"Failed to sign '${ITEM}'.\"\n\t\t\tIFS=$SAVED_IFS\n\t\t\texit 1\n\t\tfi\n\tdone\n\n\t# Restore $IFS.\n\tIFS=$SAVED_IFS\n\nfi\n\necho \"💾 end script\";\n";
			showEnvVarsInLog = 0;
		};
		8466F1851C04CA0E00918B1C /* Run Script — Bundle Data Folder */ = {
			isa = PBXShellScriptBuildPhase;
			alwaysOutOfDate = 1;
			buildActionMask = 12;
			files = (
			);
			inputPaths = (
			);
			name = "Run Script — Bundle Data Folder";
			outputPaths = (
			);
			runOnlyForDeploymentPostprocessing = 0;
			shellPath = /bin/sh;
			shellScript = "if [ -z \"$OF_BUNDLE_DATA_FOLDER\" ] ; then\n    echo 'Bundle data folder disabled';\nelse\n    # Copy bin/data into App/Resources\n    echo 'Bundle data folder enabled - will copy bin/data to App Package'\n    rsync -avz  --delete --exclude='.DS_Store' \"${SRCROOT}/bin/data/\" \"${TARGET_BUILD_DIR}/${UNLOCALIZED_RESOURCES_FOLDER_PATH}/data/\"\nfi\n";
			showEnvVarsInLog = 0;
		};
		E42962A92163ECCD00A6A9E2 /* Run Script — Compile OF */ = {
			isa = PBXShellScriptBuildPhase;
			alwaysOutOfDate = 1;
			buildActionMask = 2147483647;
			files = (
			);
			inputPaths = (
			);
			name = "Run Script — Compile OF";
			outputPaths = (
			);
			runOnlyForDeploymentPostprocessing = 0;
			shellPath = /bin/sh;
			shellScript = "echo \"\\033[32;1;4m1 - Compiling Openframeworks\\033[0m\"\nxcodebuild -project \"$OF_PATH/libs/openFrameworksCompiled/project/osx/openFrameworksLib.xcodeproj\" -target openFrameworks -configuration \"${CONFIGURATION}\"  CLANG_CXX_LANGUAGE_STANDARD=$CLANG_CXX_LANGUAGE_STANDARD MACOSX_DEPLOYMENT_TARGET=$MACOSX_DEPLOYMENT_TARGET\n";
			showEnvVarsInLog = 0;
		};
		E4B6FFFD0C3F9AB9008CF71C /* Run Script — Copy Resources */ = {
			isa = PBXShellScriptBuildPhase;
			alwaysOutOfDate = 1;
			buildActionMask = 2147483647;
			files = (
			);
			inputPaths = (
			);
			name = "Run Script — Copy Resources";
			outputPaths = (
			);
			runOnlyForDeploymentPostprocessing = 0;
			shellPath = /bin/sh;
			shellScript = "echo \"\\033[32;1;4m2 - Copying Resources\\033[0m\"\nmkdir -p \"$TARGET_BUILD_DIR/$PRODUCT_NAME.app/Contents/Resources/\"\n# Copy default icon file into App/Resources\nrsync -aved --delete --exclude='.DS_Store' \"$ICON_FILE\" \"$TARGET_BUILD_DIR/$PRODUCT_NAME.app/Contents/Resources/\"\n# Copy libfmod and change install directory for fmod to run\nrsync -aved --delete --ignore-existing \"$OF_PATH/libs/fmod/lib/osx/libfmod.dylib\" \"$TARGET_BUILD_DIR/$PRODUCT_NAME.app/Contents/Frameworks/\";\n# Not needed as we now call install_name_tool -id @loader_path/../Frameworks/libfmod.dylib libfmod.dylib on the dylib directly which prevents the need for calling every post build - keeping here for reference and possible legacy usage \n# install_name_tool -change @rpath/libfmod.dylib @executable_path/../Frameworks/libfmod.dylib \"$TARGET_BUILD_DIR/$PRODUCT_NAME.app/Contents/MacOS/$PRODUCT_NAME\";\n";
			showEnvVarsInLog = 0;
		};
		E935D72329ADADAE00AC8EFD /* Run Script — Bundle dylibs */ = {
			isa = PBXShellScriptBuildPhase;
			alwaysOutOfDate = 1;
			buildActionMask = 2147483647;
			files = (
			);
			inputFileListPaths = (
			);
			inputPaths = (
			);
			name = "Run Script — Bundle dylibs";
			outputFileListPaths = (
			);
			outputPaths = (
			);
			runOnlyForDeploymentPostprocessing = 0;
			shellPath = /bin/zsh;
			shellScript = "# make sure shell above is set to /bin/zsh\n#\n# requires `brew install dylibbundler` (v1.0.5 as of 20230121)\n#\n# activate via flag in Project.xcconfig\n#\n# note: dylib subdependencies (dylibs that load dylibs) will be found\n#\t\trecursively and bundled within the .app but might need doctoring \n#\t\tto work in both bundled or freestanding states.\n#\n\nif [ -z \"$OF_BUNDLE_DYLIBS\" ] ; then\n\techo \"Not bundling dylibs\";\nelse\n\techo \"Bundling dylibs\";\n\n\t\tflags=(${(@s: :)OTHER_LDFLAGS})\n\t\tdeclare -A paths\n\t\tsargs=\"\"\n\n\t# use the keys of an associative array to accumulate unique directories enclosing .dylibs based on OTHER_LDFLAGS\n\tfor ITEM in $flags; do\n\t\tif [[ $ITEM == *'.dylib' ]] then\n\t\t\td=$(dirname \"$ITEM\")\n\t\t\tpaths[$d]=$d\n\t\tfi\n\tdone\n\t\t\n\t# construct a list of -s args for dylibbuilder to find the dylibs\n\tfor key val in \"${(@kv)paths}\"; do\n\t\tsargs+=-s\\ $key\\ \n\tdone\n\n\t# do the thing\n\t/opt/homebrew/bin/dylibbundler -cd -b -x \"$TARGET_BUILD_DIR/$PRODUCT_NAME.app/Contents/MacOS/$PRODUCT_NAME\" -d \"$TARGET_BUILD_DIR/$PRODUCT_NAME.app/Contents/libs\" ${(s[ ])sargs}\n\nfi\n";
		};
/* End PBXShellScriptBuildPhase section */

/* Begin PBXSourcesBuildPhase section */
		E4B69B580A3A1756003C02F2 /* Sources */ = {
			isa = PBXSourcesBuildPhase;
			buildActionMask = 2147483647;
			files = (
				E4B69E200A3A1BDC003C02F2 /* main.cpp in Sources */,
				E4B69E210A3A1BDC003C02F2 /* ofApp.cpp in Sources */,
				"{E3531022-BFAA-4341-B0F8-6CF247E5656A}" /* text.mm in Sources */,
				"{C26D6831-45B1-4F7A-8E6B-2C7818C35E76}" /* face.mm in Sources */,
				"{F8814CD8-CC51-47B9-94C9-01FEA20D4BCE}" /* hand.mm in Sources */,
				"{48CEA512-6AE0-4FF8-9B65-5E69B8701CCA}" /* body.mm in Sources */,
				"{6A4E4706-8456-4EC0-8AC0-0720C44A5615}" /* animal.mm in Sources */,
				"{22B1F572-E77B-43B0-B722-F38F46B8E68F}" /* ofxBaseGui.cpp in Sources */,
				"{5F507A01-E191-4113-B97A-85877B159080}" /* ofxButton.cpp in Sources */,
				"{6E44908A-F02A-4AFF-A3C3-11B5523739A8}" /* ofxColorPicker.cpp in Sources */,
				"{55D71943-6E2F-48BF-BDAF-EBB240A4F346}" /* ofxGuiGroup.cpp in Sources */,
				"{FCE18351-87C7-40AC-86AB-B0524396053F}" /* ofxInputField.cpp in Sources */,
				"{78C164E1-4DD8-4A76-889F-8A94657D628B}" /* ofxLabel.cpp in Sources */,
				"{2C155B48-25A7-4CDF-941B-27458E760031}" /* ofxPanel.cpp in Sources */,
				"{E1825BCA-DE4B-4405-91B8-C11990FD7D4C}" /* ofxSlider.cpp in Sources */,
				"{EF05C19B-DF84-4C0E-886C-3FE1F53276FE}" /* ofxSliderGroup.cpp in Sources */,
				"{906D4A7F-FB31-4D9B-A24D-97DB51CC45A4}" /* ofxToggle.cpp in Sources */,
				"{7685EE49-7F3F-4C70-9888-EECA87466A10}" /* IpEndpointName.cpp in Sources */,
				"{616CCDD0-E96B-47BB-869C-33907CA9FC78}" /* NetworkingUtils.cpp in Sources */,
				"{3CA2FA9E-B905-4727-AA5E-5B059586EC4A}" /* UdpSocket.cpp in Sources */,
				"{0608E5F9-0532-447C-A896-B200796348B7}" /* OscOutboundPacketStream.cpp in Sources */,
				"{C920EE28-AF40-4367-8F87-0C6889FA0D75}" /* OscPrintReceivedElements.cpp in Sources */,
				"{268BF75C-3BC4-4C7B-9AA3-CB3E0C89FABC}" /* OscReceivedElements.cpp in Sources */,
				"{6DD1983F-755D-44E9-855C-A435EC33A123}" /* OscTypes.cpp in Sources */,
				"{5355C475-BD72-493C-8760-4ACD214E3140}" /* ofxOscBundle.cpp in Sources */,
				"{B7A20FF2-F92D-47BC-9E43-6BCEAC24BB66}" /* ofxOscMessage.cpp in Sources */,
				"{DEAD18DA-2771-4053-97ED-6CCEF7D31420}" /* ofxOscParameterSync.cpp in Sources */,
				"{55C8C88B-56BE-49EB-96F8-965C1BB0149E}" /* ofxOscReceiver.cpp in Sources */,
				"{BCF1279C-D4BB-48B4-BBFE-767D1F9CADE2}" /* ofxOscSender.cpp in Sources */,
			);
			runOnlyForDeploymentPostprocessing = 0;
		};
/* End PBXSourcesBuildPhase section */

/* Begin XCBuildConfiguration section */
		E4B69B4E0A3A1720003C02F2 /* Debug */ = {
			isa = XCBuildConfiguration;
			baseConfigurationReference = E4EB6923138AFD0F00A09F29 /* Project.xcconfig */;
			buildSettings = {
				CODE_SIGN_ENTITLEMENTS = of.entitlements;
				COPY_PHASE_STRIP = NO;
				ENABLE_TESTABILITY = YES;
				GCC_OPTIMIZATION_LEVEL = 0;
				GCC_WARN_UNUSED_VARIABLE = NO;
				HEADER_SEARCH_PATHS = (
					"$(OF_CORE_HEADERS)",
					src,
					src,
					../../../addons/ofxGui/src,
					../../../addons/ofxOsc/libs,
					../../../addons/ofxOsc/libs/oscpack,
					../../../addons/ofxOsc/libs/oscpack/src,
					../../../addons/ofxOsc/libs/oscpack/src/ip,
					../../../addons/ofxOsc/libs/oscpack/src/ip/posix,
					../../../addons/ofxOsc/libs/oscpack/src/osc,
					../../../addons/ofxOsc/src,
				);
				OTHER_CPLUSPLUSFLAGS = "-D__MACOSX_CORE__";
			};
			name = Debug;
		};
		E4B69B4F0A3A1720003C02F2 /* Release */ = {
			isa = XCBuildConfiguration;
			baseConfigurationReference = E4EB6923138AFD0F00A09F29 /* Project.xcconfig */;
			buildSettings = {
				CODE_SIGN_ENTITLEMENTS = of.entitlements;
				COPY_PHASE_STRIP = YES;
				GCC_OPTIMIZATION_LEVEL = 3;
				GCC_UNROLL_LOOPS = YES;
				HEADER_SEARCH_PATHS = (
					"$(OF_CORE_HEADERS)",
					src,
					src,
					../../../addons/ofxGui/src,
					../../../addons/ofxOsc/libs,
					../../../addons/ofxOsc/libs/oscpack,
					../../../addons/ofxOsc/libs/oscpack/src,
					../../../addons/ofxOsc/libs/oscpack/src/ip,
					../../../addons/ofxOsc/libs/oscpack/src/ip/posix,
					../../../addons/ofxOsc/libs/oscpack/src/osc,
					../../../addons/ofxOsc/src,
				);
				OTHER_CPLUSPLUSFLAGS = "-D__MACOSX_CORE__";
			};
			name = Release;
		};
		E4B69B600A3A1757003C02F2 /* Debug */ = {
			isa = XCBuildConfiguration;
			baseConfigurationReference = E4EB6923138AFD0F00A09F29 /* Project.xcconfig */;
			buildSettings = {
				COPY_PHASE_STRIP = NO;
				FRAMEWORK_SEARCH_PATHS = "$(inherited)";
				GCC_DYNAMIC_NO_PIC = NO;
				HEADER_SEARCH_PATHS = (
					"$(OF_CORE_HEADERS)",
					src,
					src,
					../../../addons/ofxGui/src,
					../../../addons/ofxOsc/libs,
					../../../addons/ofxOsc/libs/oscpack,
					../../../addons/ofxOsc/libs/oscpack/src,
					../../../addons/ofxOsc/libs/oscpack/src/ip,
					../../../addons/ofxOsc/libs/oscpack/src/ip/posix,
					../../../addons/ofxOsc/libs/oscpack/src/osc,
					../../../addons/ofxOsc/src,
				);
				LIBRARY_SEARCH_PATHS = "$(inherited)";
				OTHER_LDFLAGS = (
					"$(OF_CORE_LIBS)",
					"$(OF_CORE_FRAMEWORKS)",
					"$(LIB_OF_DEBUG)",
				);
			};
			name = Debug;
		};
		E4B69B610A3A1757003C02F2 /* Release */ = {
			isa = XCBuildConfiguration;
			baseConfigurationReference = E4EB6923138AFD0F00A09F29 /* Project.xcconfig */;
			buildSettings = {
				COPY_PHASE_STRIP = YES;
				FRAMEWORK_SEARCH_PATHS = "$(inherited)";
				HEADER_SEARCH_PATHS = (
					"$(OF_CORE_HEADERS)",
					src,
					src,
					../../../addons/ofxGui/src,
					../../../addons/ofxOsc/libs,
					../../../addons/ofxOsc/libs/oscpack,
					../../../addons/ofxOsc/libs/oscpack/src,
					../../../addons/ofxOsc/libs/oscpack/src/ip,
					../../../addons/ofxOsc/libs/oscpack/src/ip/posix,
					../../../addons/ofxOsc/libs/oscpack/src/osc,
					../../../addons/ofxOsc/src,
				);
				LIBRARY_SEARCH_PATHS = "$(inherited)";
				OTHER_LDFLAGS = (
					"$(OF_CORE_LIBS)",
					"$(OF_CORE_FRAMEWORKS)",
					"$(LIB_OF)",
				);
				baseConfigurationReference = E4EB6923138AFD0F00A09F29;
			};
			name = Release;
		};
/* End XCBuildConfiguration section */

/* Begin XCConfigurationList section */
		E4B69B4D0A3A1720003C02F2 /* Build configuration list for PBXProject "VisionOSC" */ = {
			isa = XCConfigurationList;
			buildConfigurations = (
				E4B69B4E0A3A1720003C02F2 /* Debug */,
				E4B69B4F0A3A1720003C02F2 /* Release */,
			);
			defaultConfigurationIsVisible = 0;
			defaultConfigurationName = Release;
		};
		E4B69B5F0A3A1757003C02F2 /* Build configuration list for PBXNativeTarget "VisionOSC" */ = {
			isa = XCConfigurationList;
			buildConfigurations = (
				E4B69B600A3A1757003C02F2 /* Debug */,
				E4B69B610A3A1757003C02F2 /* Release */,
			);
			defaultConfigurationIsVisible = 0;
			defaultConfigurationName = Release;
		};
/* End XCConfigurationList section */
	};
	rootObject = E4B69B4C0A3A1720003C02F2 /* Project object */;
}
